// !$*UTF8*$!
{
	archiveVersion = 1;
	classes = {
	};
	objectVersion = 50;
	objects = {

/* Begin PBXBuildFile section */
		98F3708C21C6705A002D4E7C /* AppDelegate.swift in Sources */ = {isa = PBXBuildFile; fileRef = 98F3708B21C6705A002D4E7C /* AppDelegate.swift */; };
		98F3708E21C6705A002D4E7C /* ViewController.swift in Sources */ = {isa = PBXBuildFile; fileRef = 98F3708D21C6705A002D4E7C /* ViewController.swift */; };
		98F3709121C6705A002D4E7C /* Main.storyboard in Resources */ = {isa = PBXBuildFile; fileRef = 98F3708F21C6705A002D4E7C /* Main.storyboard */; };
		98F3709321C6705B002D4E7C /* Assets.xcassets in Resources */ = {isa = PBXBuildFile; fileRef = 98F3709221C6705B002D4E7C /* Assets.xcassets */; };
		98F3709621C6705B002D4E7C /* LaunchScreen.storyboard in Resources */ = {isa = PBXBuildFile; fileRef = 98F3709421C6705B002D4E7C /* LaunchScreen.storyboard */; };
		98F370A121C6705B002D4E7C /* OdeonTests.swift in Sources */ = {isa = PBXBuildFile; fileRef = 98F370A021C6705B002D4E7C /* OdeonTests.swift */; };
/* End PBXBuildFile section */

/* Begin PBXContainerItemProxy section */
		98F3709D21C6705B002D4E7C /* PBXContainerItemProxy */ = {
			isa = PBXContainerItemProxy;
			containerPortal = 98F3708021C6705A002D4E7C /* Project object */;
			proxyType = 1;
			remoteGlobalIDString = 98F3708721C6705A002D4E7C;
			remoteInfo = Odeon;
		};
/* End PBXContainerItemProxy section */

/* Begin PBXFileReference section */
		98F3708821C6705A002D4E7C /* Odeon.app */ = {isa = PBXFileReference; explicitFileType = wrapper.application; includeInIndex = 0; path = Odeon.app; sourceTree = BUILT_PRODUCTS_DIR; };
		98F3708B21C6705A002D4E7C /* AppDelegate.swift */ = {isa = PBXFileReference; lastKnownFileType = sourcecode.swift; path = AppDelegate.swift; sourceTree = "<group>"; };
		98F3708D21C6705A002D4E7C /* ViewController.swift */ = {isa = PBXFileReference; lastKnownFileType = sourcecode.swift; path = ViewController.swift; sourceTree = "<group>"; };
		98F3709021C6705A002D4E7C /* Base */ = {isa = PBXFileReference; lastKnownFileType = file.storyboard; name = Base; path = Base.lproj/Main.storyboard; sourceTree = "<group>"; };
		98F3709221C6705B002D4E7C /* Assets.xcassets */ = {isa = PBXFileReference; lastKnownFileType = folder.assetcatalog; path = Assets.xcassets; sourceTree = "<group>"; };
		98F3709521C6705B002D4E7C /* Base */ = {isa = PBXFileReference; lastKnownFileType = file.storyboard; name = Base; path = Base.lproj/LaunchScreen.storyboard; sourceTree = "<group>"; };
		98F3709721C6705B002D4E7C /* Info.plist */ = {isa = PBXFileReference; lastKnownFileType = text.plist.xml; path = Info.plist; sourceTree = "<group>"; };
		98F3709C21C6705B002D4E7C /* OdeonTests.xctest */ = {isa = PBXFileReference; explicitFileType = wrapper.cfbundle; includeInIndex = 0; path = OdeonTests.xctest; sourceTree = BUILT_PRODUCTS_DIR; };
		98F370A021C6705B002D4E7C /* OdeonTests.swift */ = {isa = PBXFileReference; lastKnownFileType = sourcecode.swift; path = OdeonTests.swift; sourceTree = "<group>"; };
		98F370A221C6705B002D4E7C /* Info.plist */ = {isa = PBXFileReference; lastKnownFileType = text.plist.xml; path = Info.plist; sourceTree = "<group>"; };
/* End PBXFileReference section */

/* Begin PBXFrameworksBuildPhase section */
		98F3708521C6705A002D4E7C /* Frameworks */ = {
			isa = PBXFrameworksBuildPhase;
			buildActionMask = 2147483647;
			files = (
			);
			runOnlyForDeploymentPostprocessing = 0;
		};
		98F3709921C6705B002D4E7C /* Frameworks */ = {
			isa = PBXFrameworksBuildPhase;
			buildActionMask = 2147483647;
			files = (
			);
			runOnlyForDeploymentPostprocessing = 0;
		};
/* End PBXFrameworksBuildPhase section */

/* Begin PBXGroup section */
		98F3707F21C6705A002D4E7C = {
			isa = PBXGroup;
			children = (
				98F3708A21C6705A002D4E7C /* Odeon */,
				98F3709F21C6705B002D4E7C /* OdeonTests */,
				98F3708921C6705A002D4E7C /* Products */,
			);
			sourceTree = "<group>";
		};
		98F3708921C6705A002D4E7C /* Products */ = {
			isa = PBXGroup;
			children = (
				98F3708821C6705A002D4E7C /* Odeon.app */,
				98F3709C21C6705B002D4E7C /* OdeonTests.xctest */,
			);
			name = Products;
			sourceTree = "<group>";
		};
		98F3708A21C6705A002D4E7C /* Odeon */ = {
			isa = PBXGroup;
			children = (
				98F3708B21C6705A002D4E7C /* AppDelegate.swift */,
				98F3708D21C6705A002D4E7C /* ViewController.swift */,
				98F3708F21C6705A002D4E7C /* Main.storyboard */,
				98F3709221C6705B002D4E7C /* Assets.xcassets */,
				98F3709421C6705B002D4E7C /* LaunchScreen.storyboard */,
				98F3709721C6705B002D4E7C /* Info.plist */,
			);
			path = Odeon;
			sourceTree = "<group>";
		};
		98F3709F21C6705B002D4E7C /* OdeonTests */ = {
			isa = PBXGroup;
			children = (
				98F370A021C6705B002D4E7C /* OdeonTests.swift */,
				98F370A221C6705B002D4E7C /* Info.plist */,
			);
			path = OdeonTests;
			sourceTree = "<group>";
		};
/* End PBXGroup section */

/* Begin PBXNativeTarget section */
		98F3708721C6705A002D4E7C /* Odeon */ = {
			isa = PBXNativeTarget;
			buildConfigurationList = 98F370A521C6705B002D4E7C /* Build configuration list for PBXNativeTarget "Odeon" */;
			buildPhases = (
				98F3708421C6705A002D4E7C /* Sources */,
				98F3708521C6705A002D4E7C /* Frameworks */,
				98F3708621C6705A002D4E7C /* Resources */,
			);
			buildRules = (
			);
			dependencies = (
			);
			name = Odeon;
			productName = Odeon;
			productReference = 98F3708821C6705A002D4E7C /* Odeon.app */;
			productType = "com.apple.product-type.application";
		};
		98F3709B21C6705B002D4E7C /* OdeonTests */ = {
			isa = PBXNativeTarget;
			buildConfigurationList = 98F370A821C6705B002D4E7C /* Build configuration list for PBXNativeTarget "OdeonTests" */;
			buildPhases = (
				98F3709821C6705B002D4E7C /* Sources */,
				98F3709921C6705B002D4E7C /* Frameworks */,
				98F3709A21C6705B002D4E7C /* Resources */,
			);
			buildRules = (
			);
			dependencies = (
				98F3709E21C6705B002D4E7C /* PBXTargetDependency */,
			);
			name = OdeonTests;
			productName = OdeonTests;
			productReference = 98F3709C21C6705B002D4E7C /* OdeonTests.xctest */;
			productType = "com.apple.product-type.bundle.unit-test";
		};
/* End PBXNativeTarget section */

/* Begin PBXProject section */
		98F3708021C6705A002D4E7C /* Project object */ = {
			isa = PBXProject;
			attributes = {
				LastSwiftUpdateCheck = 1010;
				LastUpgradeCheck = 1010;
				ORGANIZATIONNAME = Sherlouk;
				TargetAttributes = {
					98F3708721C6705A002D4E7C = {
						CreatedOnToolsVersion = 10.1;
					};
					98F3709B21C6705B002D4E7C = {
						CreatedOnToolsVersion = 10.1;
						TestTargetID = 98F3708721C6705A002D4E7C;
					};
				};
			};
			buildConfigurationList = 98F3708321C6705A002D4E7C /* Build configuration list for PBXProject "Odeon" */;
			compatibilityVersion = "Xcode 9.3";
			developmentRegion = en;
			hasScannedForEncodings = 0;
			knownRegions = (
				en,
				Base,
			);
			mainGroup = 98F3707F21C6705A002D4E7C;
			productRefGroup = 98F3708921C6705A002D4E7C /* Products */;
			projectDirPath = "";
			projectRoot = "";
			targets = (
				98F3708721C6705A002D4E7C /* Odeon */,
				98F3709B21C6705B002D4E7C /* OdeonTests */,
			);
		};
/* End PBXProject section */

/* Begin PBXResourcesBuildPhase section */
		98F3708621C6705A002D4E7C /* Resources */ = {
			isa = PBXResourcesBuildPhase;
			buildActionMask = 2147483647;
			files = (
				98F3709621C6705B002D4E7C /* LaunchScreen.storyboard in Resources */,
				98F3709321C6705B002D4E7C /* Assets.xcassets in Resources */,
				98F3709121C6705A002D4E7C /* Main.storyboard in Resources */,
			);
			runOnlyForDeploymentPostprocessing = 0;
		};
		98F3709A21C6705B002D4E7C /* Resources */ = {
			isa = PBXResourcesBuildPhase;
			buildActionMask = 2147483647;
			files = (
			);
			runOnlyForDeploymentPostprocessing = 0;
		};
/* End PBXResourcesBuildPhase section */

/* Begin PBXSourcesBuildPhase section */
		98F3708421C6705A002D4E7C /* Sources */ = {
			isa = PBXSourcesBuildPhase;
			buildActionMask = 2147483647;
			files = (
				98F3708E21C6705A002D4E7C /* ViewController.swift in Sources */,
				98F3708C21C6705A002D4E7C /* AppDelegate.swift in Sources */,
			);
			runOnlyForDeploymentPostprocessing = 0;
		};
		98F3709821C6705B002D4E7C /* Sources */ = {
			isa = PBXSourcesBuildPhase;
			buildActionMask = 2147483647;
			files = (
				98F370A121C6705B002D4E7C /* OdeonTests.swift in Sources */,
			);
			runOnlyForDeploymentPostprocessing = 0;
		};
/* End PBXSourcesBuildPhase section */

/* Begin PBXTargetDependency section */
		98F3709E21C6705B002D4E7C /* PBXTargetDependency */ = {
			isa = PBXTargetDependency;
			target = 98F3708721C6705A002D4E7C /* Odeon */;
			targetProxy = 98F3709D21C6705B002D4E7C /* PBXContainerItemProxy */;
		};
/* End PBXTargetDependency section */

/* Begin PBXVariantGroup section */
		98F3708F21C6705A002D4E7C /* Main.storyboard */ = {
			isa = PBXVariantGroup;
			children = (
				98F3709021C6705A002D4E7C /* Base */,
			);
			name = Main.storyboard;
			sourceTree = "<group>";
		};
		98F3709421C6705B002D4E7C /* LaunchScreen.storyboard */ = {
			isa = PBXVariantGroup;
			children = (
				98F3709521C6705B002D4E7C /* Base */,
			);
			name = LaunchScreen.storyboard;
			sourceTree = "<group>";
		};
/* End PBXVariantGroup section */

/* Begin XCBuildConfiguration section */
		98F370A321C6705B002D4E7C /* Debug */ = {
			isa = XCBuildConfiguration;
			buildSettings = {
				ALWAYS_SEARCH_USER_PATHS = NO;
				CLANG_ANALYZER_NONNULL = YES;
				CLANG_ANALYZER_NUMBER_OBJECT_CONVERSION = YES_AGGRESSIVE;
				CLANG_CXX_LANGUAGE_STANDARD = "gnu++14";
				CLANG_CXX_LIBRARY = "libc++";
				CLANG_ENABLE_MODULES = YES;
				CLANG_ENABLE_OBJC_ARC = YES;
				CLANG_ENABLE_OBJC_WEAK = YES;
				CLANG_WARN_BLOCK_CAPTURE_AUTORELEASING = YES;
				CLANG_WARN_BOOL_CONVERSION = YES;
				CLANG_WARN_COMMA = YES;
				CLANG_WARN_CONSTANT_CONVERSION = YES;
				CLANG_WARN_DEPRECATED_OBJC_IMPLEMENTATIONS = YES;
				CLANG_WARN_DIRECT_OBJC_ISA_USAGE = YES_ERROR;
				CLANG_WARN_DOCUMENTATION_COMMENTS = YES;
				CLANG_WARN_EMPTY_BODY = YES;
				CLANG_WARN_ENUM_CONVERSION = YES;
				CLANG_WARN_INFINITE_RECURSION = YES;
				CLANG_WARN_INT_CONVERSION = YES;
				CLANG_WARN_NON_LITERAL_NULL_CONVERSION = YES;
				CLANG_WARN_OBJC_IMPLICIT_RETAIN_SELF = YES;
				CLANG_WARN_OBJC_LITERAL_CONVERSION = YES;
				CLANG_WARN_OBJC_ROOT_CLASS = YES_ERROR;
				CLANG_WARN_RANGE_LOOP_ANALYSIS = YES;
				CLANG_WARN_STRICT_PROTOTYPES = YES;
				CLANG_WARN_SUSPICIOUS_MOVE = YES;
				CLANG_WARN_UNGUARDED_AVAILABILITY = YES_AGGRESSIVE;
				CLANG_WARN_UNREACHABLE_CODE = YES;
				CLANG_WARN__DUPLICATE_METHOD_MATCH = YES;
				CODE_SIGN_IDENTITY = "iPhone Developer";
				COPY_PHASE_STRIP = NO;
				DEBUG_INFORMATION_FORMAT = dwarf;
				ENABLE_STRICT_OBJC_MSGSEND = YES;
				ENABLE_TESTABILITY = YES;
				GCC_C_LANGUAGE_STANDARD = gnu11;
				GCC_DYNAMIC_NO_PIC = NO;
				GCC_NO_COMMON_BLOCKS = YES;
				GCC_OPTIMIZATION_LEVEL = 0;
				GCC_PREPROCESSOR_DEFINITIONS = (
					"DEBUG=1",
					"$(inherited)",
				);
				GCC_WARN_64_TO_32_BIT_CONVERSION = YES;
				GCC_WARN_ABOUT_RETURN_TYPE = YES_ERROR;
				GCC_WARN_UNDECLARED_SELECTOR = YES;
				GCC_WARN_UNINITIALIZED_AUTOS = YES_AGGRESSIVE;
				GCC_WARN_UNUSED_FUNCTION = YES;
				GCC_WARN_UNUSED_VARIABLE = YES;
				IPHONEOS_DEPLOYMENT_TARGET = 12.1;
				MTL_ENABLE_DEBUG_INFO = INCLUDE_SOURCE;
				MTL_FAST_MATH = YES;
				ONLY_ACTIVE_ARCH = YES;
				SDKROOT = iphoneos;
				SWIFT_ACTIVE_COMPILATION_CONDITIONS = DEBUG;
				SWIFT_OPTIMIZATION_LEVEL = "-Onone";
			};
			name = Debug;
		};
		98F370A421C6705B002D4E7C /* Release */ = {
			isa = XCBuildConfiguration;
			buildSettings = {
				ALWAYS_SEARCH_USER_PATHS = NO;
				CLANG_ANALYZER_NONNULL = YES;
				CLANG_ANALYZER_NUMBER_OBJECT_CONVERSION = YES_AGGRESSIVE;
				CLANG_CXX_LANGUAGE_STANDARD = "gnu++14";
				CLANG_CXX_LIBRARY = "libc++";
				CLANG_ENABLE_MODULES = YES;
				CLANG_ENABLE_OBJC_ARC = YES;
				CLANG_ENABLE_OBJC_WEAK = YES;
				CLANG_WARN_BLOCK_CAPTURE_AUTORELEASING = YES;
				CLANG_WARN_BOOL_CONVERSION = YES;
				CLANG_WARN_COMMA = YES;
				CLANG_WARN_CONSTANT_CONVERSION = YES;
				CLANG_WARN_DEPRECATED_OBJC_IMPLEMENTATIONS = YES;
				CLANG_WARN_DIRECT_OBJC_ISA_USAGE = YES_ERROR;
				CLANG_WARN_DOCUMENTATION_COMMENTS = YES;
				CLANG_WARN_EMPTY_BODY = YES;
				CLANG_WARN_ENUM_CONVERSION = YES;
				CLANG_WARN_INFINITE_RECURSION = YES;
				CLANG_WARN_INT_CONVERSION = YES;
				CLANG_WARN_NON_LITERAL_NULL_CONVERSION = YES;
				CLANG_WARN_OBJC_IMPLICIT_RETAIN_SELF = YES;
				CLANG_WARN_OBJC_LITERAL_CONVERSION = YES;
				CLANG_WARN_OBJC_ROOT_CLASS = YES_ERROR;
				CLANG_WARN_RANGE_LOOP_ANALYSIS = YES;
				CLANG_WARN_STRICT_PROTOTYPES = YES;
				CLANG_WARN_SUSPICIOUS_MOVE = YES;
				CLANG_WARN_UNGUARDED_AVAILABILITY = YES_AGGRESSIVE;
				CLANG_WARN_UNREACHABLE_CODE = YES;
				CLANG_WARN__DUPLICATE_METHOD_MATCH = YES;
				CODE_SIGN_IDENTITY = "iPhone Developer";
				COPY_PHASE_STRIP = NO;
				DEBUG_INFORMATION_FORMAT = "dwarf-with-dsym";
				ENABLE_NS_ASSERTIONS = NO;
				ENABLE_STRICT_OBJC_MSGSEND = YES;
				GCC_C_LANGUAGE_STANDARD = gnu11;
				GCC_NO_COMMON_BLOCKS = YES;
				GCC_WARN_64_TO_32_BIT_CONVERSION = YES;
				GCC_WARN_ABOUT_RETURN_TYPE = YES_ERROR;
				GCC_WARN_UNDECLARED_SELECTOR = YES;
				GCC_WARN_UNINITIALIZED_AUTOS = YES_AGGRESSIVE;
				GCC_WARN_UNUSED_FUNCTION = YES;
				GCC_WARN_UNUSED_VARIABLE = YES;
				IPHONEOS_DEPLOYMENT_TARGET = 12.1;
				MTL_ENABLE_DEBUG_INFO = NO;
				MTL_FAST_MATH = YES;
				SDKROOT = iphoneos;
				SWIFT_COMPILATION_MODE = wholemodule;
				SWIFT_OPTIMIZATION_LEVEL = "-O";
				VALIDATE_PRODUCT = YES;
			};
			name = Release;
		};
		98F370A621C6705B002D4E7C /* Debug */ = {
			isa = XCBuildConfiguration;
			buildSettings = {
				ASSETCATALOG_COMPILER_APPICON_NAME = AppIcon;
				CODE_SIGN_STYLE = Automatic;
				INFOPLIST_FILE = Odeon/Info.plist;
				LD_RUNPATH_SEARCH_PATHS = (
					"$(inherited)",
					"@executable_path/Frameworks",
				);
				PRODUCT_BUNDLE_IDENTIFIER = uk.sherlo.Odeon;
				PRODUCT_NAME = "$(TARGET_NAME)";
				SWIFT_VERSION = 4.2;
				TARGETED_DEVICE_FAMILY = "1,2";
			};
			name = Debug;
		};
		98F370A721C6705B002D4E7C /* Release */ = {
			isa = XCBuildConfiguration;
			buildSettings = {
				ASSETCATALOG_COMPILER_APPICON_NAME = AppIcon;
				CODE_SIGN_STYLE = Automatic;
				INFOPLIST_FILE = Odeon/Info.plist;
				LD_RUNPATH_SEARCH_PATHS = (
					"$(inherited)",
					"@executable_path/Frameworks",
				);
				PRODUCT_BUNDLE_IDENTIFIER = uk.sherlo.Odeon;
				PRODUCT_NAME = "$(TARGET_NAME)";
				SWIFT_VERSION = 4.2;
				TARGETED_DEVICE_FAMILY = "1,2";
			};
			name = Release;
		};
		98F370A921C6705B002D4E7C /* Debug */ = {
			isa = XCBuildConfiguration;
			buildSettings = {
				ALWAYS_EMBED_SWIFT_STANDARD_LIBRARIES = YES;
				BUNDLE_LOADER = "$(TEST_HOST)";
				CODE_SIGN_STYLE = Automatic;
				INFOPLIST_FILE = OdeonTests/Info.plist;
				LD_RUNPATH_SEARCH_PATHS = (
					"$(inherited)",
					"@executable_path/Frameworks",
					"@loader_path/Frameworks",
				);
				PRODUCT_BUNDLE_IDENTIFIER = uk.sherlo.OdeonTests;
				PRODUCT_NAME = "$(TARGET_NAME)";
				SWIFT_VERSION = 4.2;
				TARGETED_DEVICE_FAMILY = "1,2";
				TEST_HOST = "$(BUILT_PRODUCTS_DIR)/Odeon.app/Odeon";
			};
			name = Debug;
		};
		98F370AA21C6705B002D4E7C /* Release */ = {
			isa = XCBuildConfiguration;
			buildSettings = {
				ALWAYS_EMBED_SWIFT_STANDARD_LIBRARIES = YES;
				BUNDLE_LOADER = "$(TEST_HOST)";
				CODE_SIGN_STYLE = Automatic;
				INFOPLIST_FILE = OdeonTests/Info.plist;
				LD_RUNPATH_SEARCH_PATHS = (
					"$(inherited)",
					"@executable_path/Frameworks",
					"@loader_path/Frameworks",
				);
				PRODUCT_BUNDLE_IDENTIFIER = uk.sherlo.OdeonTests;
				PRODUCT_NAME = "$(TARGET_NAME)";
				SWIFT_VERSION = 4.2;
				TARGETED_DEVICE_FAMILY = "1,2";
				TEST_HOST = "$(BUILT_PRODUCTS_DIR)/Odeon.app/Odeon";
			};
			name = Release;
		};
/* End XCBuildConfiguration section */

/* Begin XCConfigurationList section */
		98F3708321C6705A002D4E7C /* Build configuration list for PBXProject "Odeon" */ = {
			isa = XCConfigurationList;
			buildConfigurations = (
				98F370A321C6705B002D4E7C /* Debug */,
				98F370A421C6705B002D4E7C /* Release */,
			);
			defaultConfigurationIsVisible = 0;
			defaultConfigurationName = Release;
		};
		98F370A521C6705B002D4E7C /* Build configuration list for PBXNativeTarget "Odeon" */ = {
			isa = XCConfigurationList;
			buildConfigurations = (
				98F370A621C6705B002D4E7C /* Debug */,
				98F370A721C6705B002D4E7C /* Release */,
			);
			defaultConfigurationIsVisible = 0;
			defaultConfigurationName = Release;
		};
		98F370A821C6705B002D4E7C /* Build configuration list for PBXNativeTarget "OdeonTests" */ = {
			isa = XCConfigurationList;
			buildConfigurations = (
				98F370A921C6705B002D4E7C /* Debug */,
				98F370AA21C6705B002D4E7C /* Release */,
			);
			defaultConfigurationIsVisible = 0;
			defaultConfigurationName = Release;
		};
/* End XCConfigurationList section */
	};
	rootObject = 98F3708021C6705A002D4E7C /* Project object */;
}
