// !$*UTF8*$!
{
	archiveVersion = 1;
	classes = {
	};
	objectVersion = 51;
	objects = {

/* Begin PBXBuildFile section */
		9885CE3421C6719B00900C9F /* Onboarding.storyboard in Resources */ = {isa = PBXBuildFile; fileRef = 9885CE3321C6719B00900C9F /* Onboarding.storyboard */; };
		9885CE3721C6784800900C9F /* OnboardingViewController.swift in Sources */ = {isa = PBXBuildFile; fileRef = 9885CE3621C6784800900C9F /* OnboardingViewController.swift */; };
		9885CE3A21C6785A00900C9F /* OnboardingCountryChooserViewController.swift in Sources */ = {isa = PBXBuildFile; fileRef = 9885CE3921C6785A00900C9F /* OnboardingCountryChooserViewController.swift */; };
		9885CE3C21C6786400900C9F /* OnboardingLocationServicesViewController.swift in Sources */ = {isa = PBXBuildFile; fileRef = 9885CE3B21C6786400900C9F /* OnboardingLocationServicesViewController.swift */; };
		9885CE3E21C6786C00900C9F /* OnboardingLoadingViewController.swift in Sources */ = {isa = PBXBuildFile; fileRef = 9885CE3D21C6786C00900C9F /* OnboardingLoadingViewController.swift */; };
		9885CE4221C67A6500900C9F /* Storage.swift in Sources */ = {isa = PBXBuildFile; fileRef = 9885CE4121C67A6500900C9F /* Storage.swift */; };
		9885CE4421C67B6B00900C9F /* OdeonStorage.swift in Sources */ = {isa = PBXBuildFile; fileRef = 9885CE4321C67B6B00900C9F /* OdeonStorage.swift */; };
		9885CE4721C67D8F00900C9F /* Cinema.swift in Sources */ = {isa = PBXBuildFile; fileRef = 9885CE4621C67D8F00900C9F /* Cinema.swift */; };
		9885CE4A21C67EFF00900C9F /* ListCinemasResponse.swift in Sources */ = {isa = PBXBuildFile; fileRef = 9885CE4921C67EFF00900C9F /* ListCinemasResponse.swift */; };
		9885CE4E21C67FCA00900C9F /* DictionaryStorage.swift in Sources */ = {isa = PBXBuildFile; fileRef = 9885CE4D21C67FCA00900C9F /* DictionaryStorage.swift */; };
		9885CE5021C6824E00900C9F /* FilmAttributesResponse.swift in Sources */ = {isa = PBXBuildFile; fileRef = 9885CE4F21C6824E00900C9F /* FilmAttributesResponse.swift */; };
		9885CE5221C6829400900C9F /* PerformanceAttributesResponse.swift in Sources */ = {isa = PBXBuildFile; fileRef = 9885CE5121C6829400900C9F /* PerformanceAttributesResponse.swift */; };
		9885CE5421C682D700900C9F /* ListFilmsResponse.swift in Sources */ = {isa = PBXBuildFile; fileRef = 9885CE5321C682D700900C9F /* ListFilmsResponse.swift */; };
		9885CE5621C682FB00900C9F /* OdeonFilm.swift in Sources */ = {isa = PBXBuildFile; fileRef = 9885CE5521C682FB00900C9F /* OdeonFilm.swift */; };
		9885CE5821C6840600900C9F /* Offer.swift in Sources */ = {isa = PBXBuildFile; fileRef = 9885CE5721C6840600900C9F /* Offer.swift */; };
		9885CE5A21C684D100900C9F /* Certificate.swift in Sources */ = {isa = PBXBuildFile; fileRef = 9885CE5921C684D100900C9F /* Certificate.swift */; };
		9885CE5C21C689F500900C9F /* FilmDetails.swift in Sources */ = {isa = PBXBuildFile; fileRef = 9885CE5B21C689F500900C9F /* FilmDetails.swift */; };
		9885CE5E21C68A7900900C9F /* DataWrapperGenericResponse.swift in Sources */ = {isa = PBXBuildFile; fileRef = 9885CE5D21C68A7900900C9F /* DataWrapperGenericResponse.swift */; };
		9885CE6021C68B7A00900C9F /* FilmTimes.swift in Sources */ = {isa = PBXBuildFile; fileRef = 9885CE5F21C68B7A00900C9F /* FilmTimes.swift */; };
		9885CE6221C68BB200900C9F /* Performance.swift in Sources */ = {isa = PBXBuildFile; fileRef = 9885CE6121C68BB200900C9F /* Performance.swift */; };
		9885CE6821C6D57200900C9F /* MovieInformationTableViewCell.swift in Sources */ = {isa = PBXBuildFile; fileRef = 9885CE6621C6D57200900C9F /* MovieInformationTableViewCell.swift */; };
		9885CE6921C6D57200900C9F /* MovieInformationTableViewCell.xib in Resources */ = {isa = PBXBuildFile; fileRef = 9885CE6721C6D57200900C9F /* MovieInformationTableViewCell.xib */; };
		98E8833421CD9B360001C019 /* ProfileViewController.swift in Sources */ = {isa = PBXBuildFile; fileRef = 98E8833321CD9B360001C019 /* ProfileViewController.swift */; };
		98E8833F21CD9D310001C019 /* ProfileRatingTableViewCell.swift in Sources */ = {isa = PBXBuildFile; fileRef = 98E8833D21CD9D310001C019 /* ProfileRatingTableViewCell.swift */; };
		98E8834021CD9D310001C019 /* ProfileRatingTableViewCell.xib in Resources */ = {isa = PBXBuildFile; fileRef = 98E8833E21CD9D310001C019 /* ProfileRatingTableViewCell.xib */; };
		98E8834421CD9F340001C019 /* ProfileReviewTableViewCell.swift in Sources */ = {isa = PBXBuildFile; fileRef = 98E8834221CD9F340001C019 /* ProfileReviewTableViewCell.swift */; };
		98E8834521CD9F340001C019 /* ProfileReviewTableViewCell.xib in Resources */ = {isa = PBXBuildFile; fileRef = 98E8834321CD9F340001C019 /* ProfileReviewTableViewCell.xib */; };
		98E8834921CDA0A50001C019 /* ProfileTextTableViewCell.swift in Sources */ = {isa = PBXBuildFile; fileRef = 98E8834721CDA0A50001C019 /* ProfileTextTableViewCell.swift */; };
		98E8834A21CDA0A50001C019 /* ProfileTextTableViewCell.xib in Resources */ = {isa = PBXBuildFile; fileRef = 98E8834821CDA0A50001C019 /* ProfileTextTableViewCell.xib */; };
		98E8834E21CDA10C0001C019 /* ProfileTitleTableViewCell.swift in Sources */ = {isa = PBXBuildFile; fileRef = 98E8834C21CDA10C0001C019 /* ProfileTitleTableViewCell.swift */; };
		98E8834F21CDA10C0001C019 /* ProfileTitleTableViewCell.xib in Resources */ = {isa = PBXBuildFile; fileRef = 98E8834D21CDA10C0001C019 /* ProfileTitleTableViewCell.xib */; };
		98E8835321CDA19E0001C019 /* HorizontalScrollerTableViewCell.swift in Sources */ = {isa = PBXBuildFile; fileRef = 98E8835121CDA19E0001C019 /* HorizontalScrollerTableViewCell.swift */; };
		98E8835421CDA19E0001C019 /* HorizontalScrollerTableViewCell.xib in Resources */ = {isa = PBXBuildFile; fileRef = 98E8835221CDA19E0001C019 /* HorizontalScrollerTableViewCell.xib */; };
		98E8835821CDA1DD0001C019 /* ScrollerImageCollectionViewCell.swift in Sources */ = {isa = PBXBuildFile; fileRef = 98E8835621CDA1DD0001C019 /* ScrollerImageCollectionViewCell.swift */; };
		98E8835921CDA1DD0001C019 /* ScrollerImageCollectionViewCell.xib in Resources */ = {isa = PBXBuildFile; fileRef = 98E8835721CDA1DD0001C019 /* ScrollerImageCollectionViewCell.xib */; };
		98E8835D21CDA2590001C019 /* ProfileButtonTableViewCell.swift in Sources */ = {isa = PBXBuildFile; fileRef = 98E8835B21CDA2590001C019 /* ProfileButtonTableViewCell.swift */; };
		98E8835E21CDA2590001C019 /* ProfileButtonTableViewCell.xib in Resources */ = {isa = PBXBuildFile; fileRef = 98E8835C21CDA2590001C019 /* ProfileButtonTableViewCell.xib */; };
		98E8836221CDA2D10001C019 /* ProfileGalleryContainerTableViewCell.swift in Sources */ = {isa = PBXBuildFile; fileRef = 98E8836021CDA2D10001C019 /* ProfileGalleryContainerTableViewCell.swift */; };
		98E8836321CDA2D10001C019 /* ProfileGalleryContainerTableViewCell.xib in Resources */ = {isa = PBXBuildFile; fileRef = 98E8836121CDA2D10001C019 /* ProfileGalleryContainerTableViewCell.xib */; };
		98E8836721CDA2F80001C019 /* GalleryImageCollectionViewCell.swift in Sources */ = {isa = PBXBuildFile; fileRef = 98E8836521CDA2F80001C019 /* GalleryImageCollectionViewCell.swift */; };
		98E8836821CDA2F80001C019 /* GalleryImageCollectionViewCell.xib in Resources */ = {isa = PBXBuildFile; fileRef = 98E8836621CDA2F80001C019 /* GalleryImageCollectionViewCell.xib */; };
		98E8836C21CDA5170001C019 /* UITableView+Extensions.swift in Sources */ = {isa = PBXBuildFile; fileRef = 98E8836B21CDA5170001C019 /* UITableView+Extensions.swift */; };
		98E8837221CDA5B70001C019 /* ProfileItemType.swift in Sources */ = {isa = PBXBuildFile; fileRef = 98E8837121CDA5B70001C019 /* ProfileItemType.swift */; };
		98E8837621CDA62B0001C019 /* TemporaryStructureMapper.swift in Sources */ = {isa = PBXBuildFile; fileRef = 98E8837521CDA62B0001C019 /* TemporaryStructureMapper.swift */; };
		98E8837821CDA8810001C019 /* Profile.storyboard in Resources */ = {isa = PBXBuildFile; fileRef = 98E8837721CDA8810001C019 /* Profile.storyboard */; };
		98E8837B21CDAD980001C019 /* TransparentNavigationViewController.swift in Sources */ = {isa = PBXBuildFile; fileRef = 98E8837A21CDAD980001C019 /* TransparentNavigationViewController.swift */; };
		98E8837D21CDBCD60001C019 /* ConfigurableCell.swift in Sources */ = {isa = PBXBuildFile; fileRef = 98E8837C21CDBCD60001C019 /* ConfigurableCell.swift */; };
		98E8837F21CDBD070001C019 /* ProfileTitleViewModel.swift in Sources */ = {isa = PBXBuildFile; fileRef = 98E8837E21CDBD070001C019 /* ProfileTitleViewModel.swift */; };
		98E8838121CDBD3C0001C019 /* GlobalDefinitions.swift in Sources */ = {isa = PBXBuildFile; fileRef = 98E8838021CDBD3C0001C019 /* GlobalDefinitions.swift */; };
		98E8838321CDBF700001C019 /* ProfileReviewViewModel.swift in Sources */ = {isa = PBXBuildFile; fileRef = 98E8838221CDBF700001C019 /* ProfileReviewViewModel.swift */; };
		98E8838521CDC0350001C019 /* ProfileButtonViewModel.swift in Sources */ = {isa = PBXBuildFile; fileRef = 98E8838421CDC0350001C019 /* ProfileButtonViewModel.swift */; };
		98E8838821CE64DE0001C019 /* ProfileStretchyHeaderView.swift in Sources */ = {isa = PBXBuildFile; fileRef = 98E8838721CE64DE0001C019 /* ProfileStretchyHeaderView.swift */; };
		98E8838A21CE65050001C019 /* ProfileStretchyHeaderView.xib in Resources */ = {isa = PBXBuildFile; fileRef = 98E8838921CE65050001C019 /* ProfileStretchyHeaderView.xib */; };
		98E8838C21CE8D0E0001C019 /* ProfileStretchyHeaderViewModel.swift in Sources */ = {isa = PBXBuildFile; fileRef = 98E8838B21CE8D0E0001C019 /* ProfileStretchyHeaderViewModel.swift */; };
		98E8838F21CEA34D0001C019 /* Home.storyboard in Resources */ = {isa = PBXBuildFile; fileRef = 98E8838E21CEA34D0001C019 /* Home.storyboard */; };
		98E8839121CEA3A30001C019 /* HomeViewController.swift in Sources */ = {isa = PBXBuildFile; fileRef = 98E8839021CEA3A30001C019 /* HomeViewController.swift */; };
		98E8839421CEA4AD0001C019 /* OdeonService.swift in Sources */ = {isa = PBXBuildFile; fileRef = 98E8839321CEA4AD0001C019 /* OdeonService.swift */; };
		98E8839721CEA9E20001C019 /* MoyaProvider+Extensions.swift in Sources */ = {isa = PBXBuildFile; fileRef = 98E8839621CEA9E20001C019 /* MoyaProvider+Extensions.swift */; };
		98E8839921CEBB700001C019 /* MovieDBService.swift in Sources */ = {isa = PBXBuildFile; fileRef = 98E8839821CEBB700001C019 /* MovieDBService.swift */; };
		98E8839C21CEBE6B0001C019 /* FilmFetcher.swift in Sources */ = {isa = PBXBuildFile; fileRef = 98E8839B21CEBE6B0001C019 /* FilmFetcher.swift */; };
		98E8839E21CEC3F40001C019 /* ResultsWrapperGenericResponse.swift in Sources */ = {isa = PBXBuildFile; fileRef = 98E8839D21CEC3F40001C019 /* ResultsWrapperGenericResponse.swift */; };
		98E883A021CEC41A0001C019 /* FilmSearchResult.swift in Sources */ = {isa = PBXBuildFile; fileRef = 98E8839F21CEC41A0001C019 /* FilmSearchResult.swift */; };
		98E883A421CEC51B0001C019 /* MovieDetails.swift in Sources */ = {isa = PBXBuildFile; fileRef = 98E883A321CEC51B0001C019 /* MovieDetails.swift */; };
		98E883A621CF07FD0001C019 /* ProfileTextViewModel.swift in Sources */ = {isa = PBXBuildFile; fileRef = 98E883A521CF07FD0001C019 /* ProfileTextViewModel.swift */; };
		98E883A821CF0AC60001C019 /* ScrollerImageViewModel.swift in Sources */ = {isa = PBXBuildFile; fileRef = 98E883A721CF0AC60001C019 /* ScrollerImageViewModel.swift */; };
		98E883AC21CFB4510001C019 /* ProfileCopyrightTableViewCell.swift in Sources */ = {isa = PBXBuildFile; fileRef = 98E883AA21CFB4510001C019 /* ProfileCopyrightTableViewCell.swift */; };
		98E883AD21CFB4510001C019 /* ProfileCopyrightTableViewCell.xib in Resources */ = {isa = PBXBuildFile; fileRef = 98E883AB21CFB4510001C019 /* ProfileCopyrightTableViewCell.xib */; };
		98E883B121CFB7550001C019 /* ProfileSocialTableViewCell.swift in Sources */ = {isa = PBXBuildFile; fileRef = 98E883AF21CFB7550001C019 /* ProfileSocialTableViewCell.swift */; };
		98E883B221CFB7550001C019 /* ProfileSocialTableViewCell.xib in Resources */ = {isa = PBXBuildFile; fileRef = 98E883B021CFB7550001C019 /* ProfileSocialTableViewCell.xib */; };
		98F3708C21C6705A002D4E7C /* AppDelegate.swift in Sources */ = {isa = PBXBuildFile; fileRef = 98F3708B21C6705A002D4E7C /* AppDelegate.swift */; };
		98F3708E21C6705A002D4E7C /* ViewController.swift in Sources */ = {isa = PBXBuildFile; fileRef = 98F3708D21C6705A002D4E7C /* ViewController.swift */; };
		98F3709121C6705A002D4E7C /* Main.storyboard in Resources */ = {isa = PBXBuildFile; fileRef = 98F3708F21C6705A002D4E7C /* Main.storyboard */; };
		98F3709321C6705B002D4E7C /* Assets.xcassets in Resources */ = {isa = PBXBuildFile; fileRef = 98F3709221C6705B002D4E7C /* Assets.xcassets */; };
		98F3709621C6705B002D4E7C /* LaunchScreen.storyboard in Resources */ = {isa = PBXBuildFile; fileRef = 98F3709421C6705B002D4E7C /* LaunchScreen.storyboard */; };
		98F370A121C6705B002D4E7C /* OdeonTests.swift in Sources */ = {isa = PBXBuildFile; fileRef = 98F370A021C6705B002D4E7C /* OdeonTests.swift */; };
		DDC27C7F3FEAE95FFD28F3D2 /* Pods_Odeon.framework in Frameworks */ = {isa = PBXBuildFile; fileRef = 333B253293A41BACF69FD862 /* Pods_Odeon.framework */; };
		EA532ACBFCCD159FD2663877 /* Pods_OdeonTests.framework in Frameworks */ = {isa = PBXBuildFile; fileRef = 966644FC68611BCF86BE3D4D /* Pods_OdeonTests.framework */; };
/* End PBXBuildFile section */

/* Begin PBXContainerItemProxy section */
		98F3709D21C6705B002D4E7C /* PBXContainerItemProxy */ = {
			isa = PBXContainerItemProxy;
			containerPortal = 98F3708021C6705A002D4E7C /* Project object */;
			proxyType = 1;
			remoteGlobalIDString = 98F3708721C6705A002D4E7C;
			remoteInfo = Odeon;
		};
/* End PBXContainerItemProxy section */

/* Begin PBXFileReference section */
		0558931B3A6AAFE81890492E /* Pods-Odeon.debug.xcconfig */ = {isa = PBXFileReference; includeInIndex = 1; lastKnownFileType = text.xcconfig; name = "Pods-Odeon.debug.xcconfig"; path = "Target Support Files/Pods-Odeon/Pods-Odeon.debug.xcconfig"; sourceTree = "<group>"; };
		333B253293A41BACF69FD862 /* Pods_Odeon.framework */ = {isa = PBXFileReference; explicitFileType = wrapper.framework; includeInIndex = 0; path = Pods_Odeon.framework; sourceTree = BUILT_PRODUCTS_DIR; };
		452BF808E471A131758FA41A /* Pods-OdeonTests.release.xcconfig */ = {isa = PBXFileReference; includeInIndex = 1; lastKnownFileType = text.xcconfig; name = "Pods-OdeonTests.release.xcconfig"; path = "Target Support Files/Pods-OdeonTests/Pods-OdeonTests.release.xcconfig"; sourceTree = "<group>"; };
		4F169A725452FFE6BCA72CA5 /* Pods-Odeon.release.xcconfig */ = {isa = PBXFileReference; includeInIndex = 1; lastKnownFileType = text.xcconfig; name = "Pods-Odeon.release.xcconfig"; path = "Target Support Files/Pods-Odeon/Pods-Odeon.release.xcconfig"; sourceTree = "<group>"; };
		8E7E3B4DBDCCC9EECA503E40 /* Pods-OdeonTests.debug.xcconfig */ = {isa = PBXFileReference; includeInIndex = 1; lastKnownFileType = text.xcconfig; name = "Pods-OdeonTests.debug.xcconfig"; path = "Target Support Files/Pods-OdeonTests/Pods-OdeonTests.debug.xcconfig"; sourceTree = "<group>"; };
		966644FC68611BCF86BE3D4D /* Pods_OdeonTests.framework */ = {isa = PBXFileReference; explicitFileType = wrapper.framework; includeInIndex = 0; path = Pods_OdeonTests.framework; sourceTree = BUILT_PRODUCTS_DIR; };
		9885CE3321C6719B00900C9F /* Onboarding.storyboard */ = {isa = PBXFileReference; lastKnownFileType = file.storyboard; path = Onboarding.storyboard; sourceTree = "<group>"; };
		9885CE3621C6784800900C9F /* OnboardingViewController.swift */ = {isa = PBXFileReference; lastKnownFileType = sourcecode.swift; path = OnboardingViewController.swift; sourceTree = "<group>"; };
		9885CE3921C6785A00900C9F /* OnboardingCountryChooserViewController.swift */ = {isa = PBXFileReference; lastKnownFileType = sourcecode.swift; path = OnboardingCountryChooserViewController.swift; sourceTree = "<group>"; };
		9885CE3B21C6786400900C9F /* OnboardingLocationServicesViewController.swift */ = {isa = PBXFileReference; lastKnownFileType = sourcecode.swift; path = OnboardingLocationServicesViewController.swift; sourceTree = "<group>"; };
		9885CE3D21C6786C00900C9F /* OnboardingLoadingViewController.swift */ = {isa = PBXFileReference; lastKnownFileType = sourcecode.swift; path = OnboardingLoadingViewController.swift; sourceTree = "<group>"; };
		9885CE4121C67A6500900C9F /* Storage.swift */ = {isa = PBXFileReference; lastKnownFileType = sourcecode.swift; path = Storage.swift; sourceTree = "<group>"; };
		9885CE4321C67B6B00900C9F /* OdeonStorage.swift */ = {isa = PBXFileReference; lastKnownFileType = sourcecode.swift; path = OdeonStorage.swift; sourceTree = "<group>"; };
		9885CE4621C67D8F00900C9F /* Cinema.swift */ = {isa = PBXFileReference; lastKnownFileType = sourcecode.swift; path = Cinema.swift; sourceTree = "<group>"; };
		9885CE4921C67EFF00900C9F /* ListCinemasResponse.swift */ = {isa = PBXFileReference; lastKnownFileType = sourcecode.swift; path = ListCinemasResponse.swift; sourceTree = "<group>"; };
		9885CE4D21C67FCA00900C9F /* DictionaryStorage.swift */ = {isa = PBXFileReference; lastKnownFileType = sourcecode.swift; path = DictionaryStorage.swift; sourceTree = "<group>"; };
		9885CE4F21C6824E00900C9F /* FilmAttributesResponse.swift */ = {isa = PBXFileReference; lastKnownFileType = sourcecode.swift; path = FilmAttributesResponse.swift; sourceTree = "<group>"; };
		9885CE5121C6829400900C9F /* PerformanceAttributesResponse.swift */ = {isa = PBXFileReference; lastKnownFileType = sourcecode.swift; path = PerformanceAttributesResponse.swift; sourceTree = "<group>"; };
		9885CE5321C682D700900C9F /* ListFilmsResponse.swift */ = {isa = PBXFileReference; lastKnownFileType = sourcecode.swift; path = ListFilmsResponse.swift; sourceTree = "<group>"; };
		9885CE5521C682FB00900C9F /* OdeonFilm.swift */ = {isa = PBXFileReference; lastKnownFileType = sourcecode.swift; path = OdeonFilm.swift; sourceTree = "<group>"; };
		9885CE5721C6840600900C9F /* Offer.swift */ = {isa = PBXFileReference; lastKnownFileType = sourcecode.swift; path = Offer.swift; sourceTree = "<group>"; };
		9885CE5921C684D100900C9F /* Certificate.swift */ = {isa = PBXFileReference; lastKnownFileType = sourcecode.swift; path = Certificate.swift; sourceTree = "<group>"; };
		9885CE5B21C689F500900C9F /* FilmDetails.swift */ = {isa = PBXFileReference; lastKnownFileType = sourcecode.swift; path = FilmDetails.swift; sourceTree = "<group>"; };
		9885CE5D21C68A7900900C9F /* DataWrapperGenericResponse.swift */ = {isa = PBXFileReference; lastKnownFileType = sourcecode.swift; path = DataWrapperGenericResponse.swift; sourceTree = "<group>"; };
		9885CE5F21C68B7A00900C9F /* FilmTimes.swift */ = {isa = PBXFileReference; lastKnownFileType = sourcecode.swift; path = FilmTimes.swift; sourceTree = "<group>"; };
		9885CE6121C68BB200900C9F /* Performance.swift */ = {isa = PBXFileReference; lastKnownFileType = sourcecode.swift; path = Performance.swift; sourceTree = "<group>"; };
		9885CE6621C6D57200900C9F /* MovieInformationTableViewCell.swift */ = {isa = PBXFileReference; lastKnownFileType = sourcecode.swift; path = MovieInformationTableViewCell.swift; sourceTree = "<group>"; };
		9885CE6721C6D57200900C9F /* MovieInformationTableViewCell.xib */ = {isa = PBXFileReference; lastKnownFileType = file.xib; path = MovieInformationTableViewCell.xib; sourceTree = "<group>"; };
		98E8833321CD9B360001C019 /* ProfileViewController.swift */ = {isa = PBXFileReference; lastKnownFileType = sourcecode.swift; path = ProfileViewController.swift; sourceTree = "<group>"; };
		98E8833D21CD9D310001C019 /* ProfileRatingTableViewCell.swift */ = {isa = PBXFileReference; lastKnownFileType = sourcecode.swift; path = ProfileRatingTableViewCell.swift; sourceTree = "<group>"; };
		98E8833E21CD9D310001C019 /* ProfileRatingTableViewCell.xib */ = {isa = PBXFileReference; lastKnownFileType = file.xib; path = ProfileRatingTableViewCell.xib; sourceTree = "<group>"; };
		98E8834221CD9F340001C019 /* ProfileReviewTableViewCell.swift */ = {isa = PBXFileReference; lastKnownFileType = sourcecode.swift; path = ProfileReviewTableViewCell.swift; sourceTree = "<group>"; };
		98E8834321CD9F340001C019 /* ProfileReviewTableViewCell.xib */ = {isa = PBXFileReference; lastKnownFileType = file.xib; path = ProfileReviewTableViewCell.xib; sourceTree = "<group>"; };
		98E8834721CDA0A50001C019 /* ProfileTextTableViewCell.swift */ = {isa = PBXFileReference; lastKnownFileType = sourcecode.swift; path = ProfileTextTableViewCell.swift; sourceTree = "<group>"; };
		98E8834821CDA0A50001C019 /* ProfileTextTableViewCell.xib */ = {isa = PBXFileReference; lastKnownFileType = file.xib; path = ProfileTextTableViewCell.xib; sourceTree = "<group>"; };
		98E8834C21CDA10C0001C019 /* ProfileTitleTableViewCell.swift */ = {isa = PBXFileReference; lastKnownFileType = sourcecode.swift; path = ProfileTitleTableViewCell.swift; sourceTree = "<group>"; };
		98E8834D21CDA10C0001C019 /* ProfileTitleTableViewCell.xib */ = {isa = PBXFileReference; lastKnownFileType = file.xib; path = ProfileTitleTableViewCell.xib; sourceTree = "<group>"; };
		98E8835121CDA19E0001C019 /* HorizontalScrollerTableViewCell.swift */ = {isa = PBXFileReference; lastKnownFileType = sourcecode.swift; path = HorizontalScrollerTableViewCell.swift; sourceTree = "<group>"; };
		98E8835221CDA19E0001C019 /* HorizontalScrollerTableViewCell.xib */ = {isa = PBXFileReference; lastKnownFileType = file.xib; path = HorizontalScrollerTableViewCell.xib; sourceTree = "<group>"; };
		98E8835621CDA1DD0001C019 /* ScrollerImageCollectionViewCell.swift */ = {isa = PBXFileReference; lastKnownFileType = sourcecode.swift; path = ScrollerImageCollectionViewCell.swift; sourceTree = "<group>"; };
		98E8835721CDA1DD0001C019 /* ScrollerImageCollectionViewCell.xib */ = {isa = PBXFileReference; lastKnownFileType = file.xib; path = ScrollerImageCollectionViewCell.xib; sourceTree = "<group>"; };
		98E8835B21CDA2590001C019 /* ProfileButtonTableViewCell.swift */ = {isa = PBXFileReference; lastKnownFileType = sourcecode.swift; path = ProfileButtonTableViewCell.swift; sourceTree = "<group>"; };
		98E8835C21CDA2590001C019 /* ProfileButtonTableViewCell.xib */ = {isa = PBXFileReference; lastKnownFileType = file.xib; path = ProfileButtonTableViewCell.xib; sourceTree = "<group>"; };
		98E8836021CDA2D10001C019 /* ProfileGalleryContainerTableViewCell.swift */ = {isa = PBXFileReference; lastKnownFileType = sourcecode.swift; path = ProfileGalleryContainerTableViewCell.swift; sourceTree = "<group>"; };
		98E8836121CDA2D10001C019 /* ProfileGalleryContainerTableViewCell.xib */ = {isa = PBXFileReference; lastKnownFileType = file.xib; path = ProfileGalleryContainerTableViewCell.xib; sourceTree = "<group>"; };
		98E8836521CDA2F80001C019 /* GalleryImageCollectionViewCell.swift */ = {isa = PBXFileReference; lastKnownFileType = sourcecode.swift; path = GalleryImageCollectionViewCell.swift; sourceTree = "<group>"; };
		98E8836621CDA2F80001C019 /* GalleryImageCollectionViewCell.xib */ = {isa = PBXFileReference; lastKnownFileType = file.xib; path = GalleryImageCollectionViewCell.xib; sourceTree = "<group>"; };
		98E8836B21CDA5170001C019 /* UITableView+Extensions.swift */ = {isa = PBXFileReference; lastKnownFileType = sourcecode.swift; path = "UITableView+Extensions.swift"; sourceTree = "<group>"; };
		98E8837121CDA5B70001C019 /* ProfileItemType.swift */ = {isa = PBXFileReference; lastKnownFileType = sourcecode.swift; path = ProfileItemType.swift; sourceTree = "<group>"; };
		98E8837521CDA62B0001C019 /* TemporaryStructureMapper.swift */ = {isa = PBXFileReference; lastKnownFileType = sourcecode.swift; path = TemporaryStructureMapper.swift; sourceTree = "<group>"; };
		98E8837721CDA8810001C019 /* Profile.storyboard */ = {isa = PBXFileReference; lastKnownFileType = file.storyboard; path = Profile.storyboard; sourceTree = "<group>"; };
		98E8837A21CDAD980001C019 /* TransparentNavigationViewController.swift */ = {isa = PBXFileReference; lastKnownFileType = sourcecode.swift; path = TransparentNavigationViewController.swift; sourceTree = "<group>"; };
		98E8837C21CDBCD60001C019 /* ConfigurableCell.swift */ = {isa = PBXFileReference; lastKnownFileType = sourcecode.swift; path = ConfigurableCell.swift; sourceTree = "<group>"; };
		98E8837E21CDBD070001C019 /* ProfileTitleViewModel.swift */ = {isa = PBXFileReference; lastKnownFileType = sourcecode.swift; path = ProfileTitleViewModel.swift; sourceTree = "<group>"; };
		98E8838021CDBD3C0001C019 /* GlobalDefinitions.swift */ = {isa = PBXFileReference; lastKnownFileType = sourcecode.swift; path = GlobalDefinitions.swift; sourceTree = "<group>"; };
		98E8838221CDBF700001C019 /* ProfileReviewViewModel.swift */ = {isa = PBXFileReference; lastKnownFileType = sourcecode.swift; path = ProfileReviewViewModel.swift; sourceTree = "<group>"; };
		98E8838421CDC0350001C019 /* ProfileButtonViewModel.swift */ = {isa = PBXFileReference; lastKnownFileType = sourcecode.swift; path = ProfileButtonViewModel.swift; sourceTree = "<group>"; };
		98E8838721CE64DE0001C019 /* ProfileStretchyHeaderView.swift */ = {isa = PBXFileReference; lastKnownFileType = sourcecode.swift; path = ProfileStretchyHeaderView.swift; sourceTree = "<group>"; };
		98E8838921CE65050001C019 /* ProfileStretchyHeaderView.xib */ = {isa = PBXFileReference; lastKnownFileType = file.xib; path = ProfileStretchyHeaderView.xib; sourceTree = "<group>"; };
		98E8838B21CE8D0E0001C019 /* ProfileStretchyHeaderViewModel.swift */ = {isa = PBXFileReference; lastKnownFileType = sourcecode.swift; path = ProfileStretchyHeaderViewModel.swift; sourceTree = "<group>"; };
		98E8838E21CEA34D0001C019 /* Home.storyboard */ = {isa = PBXFileReference; lastKnownFileType = file.storyboard; path = Home.storyboard; sourceTree = "<group>"; };
		98E8839021CEA3A30001C019 /* HomeViewController.swift */ = {isa = PBXFileReference; lastKnownFileType = sourcecode.swift; path = HomeViewController.swift; sourceTree = "<group>"; };
		98E8839321CEA4AD0001C019 /* OdeonService.swift */ = {isa = PBXFileReference; lastKnownFileType = sourcecode.swift; path = OdeonService.swift; sourceTree = "<group>"; };
		98E8839621CEA9E20001C019 /* MoyaProvider+Extensions.swift */ = {isa = PBXFileReference; lastKnownFileType = sourcecode.swift; path = "MoyaProvider+Extensions.swift"; sourceTree = "<group>"; };
		98E8839821CEBB700001C019 /* MovieDBService.swift */ = {isa = PBXFileReference; lastKnownFileType = sourcecode.swift; path = MovieDBService.swift; sourceTree = "<group>"; };
		98E8839B21CEBE6B0001C019 /* FilmFetcher.swift */ = {isa = PBXFileReference; lastKnownFileType = sourcecode.swift; path = FilmFetcher.swift; sourceTree = "<group>"; };
		98E8839D21CEC3F40001C019 /* ResultsWrapperGenericResponse.swift */ = {isa = PBXFileReference; lastKnownFileType = sourcecode.swift; path = ResultsWrapperGenericResponse.swift; sourceTree = "<group>"; };
		98E8839F21CEC41A0001C019 /* FilmSearchResult.swift */ = {isa = PBXFileReference; lastKnownFileType = sourcecode.swift; path = FilmSearchResult.swift; sourceTree = "<group>"; };
		98E883A321CEC51B0001C019 /* MovieDetails.swift */ = {isa = PBXFileReference; lastKnownFileType = sourcecode.swift; path = MovieDetails.swift; sourceTree = "<group>"; };
		98E883A521CF07FD0001C019 /* ProfileTextViewModel.swift */ = {isa = PBXFileReference; lastKnownFileType = sourcecode.swift; path = ProfileTextViewModel.swift; sourceTree = "<group>"; };
		98E883A721CF0AC60001C019 /* ScrollerImageViewModel.swift */ = {isa = PBXFileReference; lastKnownFileType = sourcecode.swift; path = ScrollerImageViewModel.swift; sourceTree = "<group>"; };
		98E883AA21CFB4510001C019 /* ProfileCopyrightTableViewCell.swift */ = {isa = PBXFileReference; lastKnownFileType = sourcecode.swift; path = ProfileCopyrightTableViewCell.swift; sourceTree = "<group>"; };
		98E883AB21CFB4510001C019 /* ProfileCopyrightTableViewCell.xib */ = {isa = PBXFileReference; lastKnownFileType = file.xib; path = ProfileCopyrightTableViewCell.xib; sourceTree = "<group>"; };
		98E883AF21CFB7550001C019 /* ProfileSocialTableViewCell.swift */ = {isa = PBXFileReference; lastKnownFileType = sourcecode.swift; path = ProfileSocialTableViewCell.swift; sourceTree = "<group>"; };
		98E883B021CFB7550001C019 /* ProfileSocialTableViewCell.xib */ = {isa = PBXFileReference; lastKnownFileType = file.xib; path = ProfileSocialTableViewCell.xib; sourceTree = "<group>"; };
		98F3708821C6705A002D4E7C /* Odeon.app */ = {isa = PBXFileReference; explicitFileType = wrapper.application; includeInIndex = 0; path = Odeon.app; sourceTree = BUILT_PRODUCTS_DIR; };
		98F3708B21C6705A002D4E7C /* AppDelegate.swift */ = {isa = PBXFileReference; lastKnownFileType = sourcecode.swift; path = AppDelegate.swift; sourceTree = "<group>"; };
		98F3708D21C6705A002D4E7C /* ViewController.swift */ = {isa = PBXFileReference; lastKnownFileType = sourcecode.swift; path = ViewController.swift; sourceTree = "<group>"; };
		98F3709021C6705A002D4E7C /* Base */ = {isa = PBXFileReference; lastKnownFileType = file.storyboard; name = Base; path = Base.lproj/Main.storyboard; sourceTree = "<group>"; };
		98F3709221C6705B002D4E7C /* Assets.xcassets */ = {isa = PBXFileReference; lastKnownFileType = folder.assetcatalog; path = Assets.xcassets; sourceTree = "<group>"; };
		98F3709521C6705B002D4E7C /* Base */ = {isa = PBXFileReference; lastKnownFileType = file.storyboard; name = Base; path = Base.lproj/LaunchScreen.storyboard; sourceTree = "<group>"; };
		98F3709721C6705B002D4E7C /* Info.plist */ = {isa = PBXFileReference; lastKnownFileType = text.plist.xml; path = Info.plist; sourceTree = "<group>"; };
		98F3709C21C6705B002D4E7C /* OdeonTests.xctest */ = {isa = PBXFileReference; explicitFileType = wrapper.cfbundle; includeInIndex = 0; path = OdeonTests.xctest; sourceTree = BUILT_PRODUCTS_DIR; };
		98F370A021C6705B002D4E7C /* OdeonTests.swift */ = {isa = PBXFileReference; lastKnownFileType = sourcecode.swift; path = OdeonTests.swift; sourceTree = "<group>"; };
		98F370A221C6705B002D4E7C /* Info.plist */ = {isa = PBXFileReference; lastKnownFileType = text.plist.xml; path = Info.plist; sourceTree = "<group>"; };
/* End PBXFileReference section */

/* Begin PBXFrameworksBuildPhase section */
		98F3708521C6705A002D4E7C /* Frameworks */ = {
			isa = PBXFrameworksBuildPhase;
			buildActionMask = 2147483647;
			files = (
				DDC27C7F3FEAE95FFD28F3D2 /* Pods_Odeon.framework in Frameworks */,
			);
			runOnlyForDeploymentPostprocessing = 0;
		};
		98F3709921C6705B002D4E7C /* Frameworks */ = {
			isa = PBXFrameworksBuildPhase;
			buildActionMask = 2147483647;
			files = (
				EA532ACBFCCD159FD2663877 /* Pods_OdeonTests.framework in Frameworks */,
			);
			runOnlyForDeploymentPostprocessing = 0;
		};
/* End PBXFrameworksBuildPhase section */

/* Begin PBXGroup section */
		8F365268C3843C2D76328D83 /* Frameworks */ = {
			isa = PBXGroup;
			children = (
				333B253293A41BACF69FD862 /* Pods_Odeon.framework */,
				966644FC68611BCF86BE3D4D /* Pods_OdeonTests.framework */,
			);
			name = Frameworks;
			sourceTree = "<group>";
		};
		9885CE3121C6713A00900C9F /* Modules */ = {
			isa = PBXGroup;
			children = (
				98E8838D21CEA3430001C019 /* Home */,
				98E8836A21CDA50C0001C019 /* Extensions */,
				9885CE6321C6D4F500900C9F /* Profile */,
				9885CE4021C67A5000900C9F /* Storage */,
				9885CE3F21C67A4A00900C9F /* Networking */,
				9885CE3221C6713F00900C9F /* Onboarding */,
			);
			path = Modules;
			sourceTree = "<group>";
		};
		9885CE3221C6713F00900C9F /* Onboarding */ = {
			isa = PBXGroup;
			children = (
				9885CE3521C6783700900C9F /* View Controllers */,
				9885CE3321C6719B00900C9F /* Onboarding.storyboard */,
			);
			path = Onboarding;
			sourceTree = "<group>";
		};
		9885CE3521C6783700900C9F /* View Controllers */ = {
			isa = PBXGroup;
			children = (
				9885CE3821C6784B00900C9F /* Pages */,
				9885CE3621C6784800900C9F /* OnboardingViewController.swift */,
			);
			path = "View Controllers";
			sourceTree = "<group>";
		};
		9885CE3821C6784B00900C9F /* Pages */ = {
			isa = PBXGroup;
			children = (
				9885CE3921C6785A00900C9F /* OnboardingCountryChooserViewController.swift */,
				9885CE3B21C6786400900C9F /* OnboardingLocationServicesViewController.swift */,
				9885CE3D21C6786C00900C9F /* OnboardingLoadingViewController.swift */,
			);
			path = Pages;
			sourceTree = "<group>";
		};
		9885CE3F21C67A4A00900C9F /* Networking */ = {
			isa = PBXGroup;
			children = (
				98E8839A21CEBE620001C019 /* Classes */,
				98E8839521CEA9D20001C019 /* Extensions */,
				98E8839221CEA49A0001C019 /* Targets */,
				9885CE4821C67EF500900C9F /* Responses */,
				9885CE4521C67D6F00900C9F /* Models */,
			);
			path = Networking;
			sourceTree = "<group>";
		};
		9885CE4021C67A5000900C9F /* Storage */ = {
			isa = PBXGroup;
			children = (
				9885CE4121C67A6500900C9F /* Storage.swift */,
				9885CE4321C67B6B00900C9F /* OdeonStorage.swift */,
			);
			path = Storage;
			sourceTree = "<group>";
		};
		9885CE4521C67D6F00900C9F /* Models */ = {
			isa = PBXGroup;
			children = (
				98E883A121CEC5030001C019 /* ODEON */,
				98E883A221CEC50B0001C019 /* MovieDB */,
			);
			path = Models;
			sourceTree = "<group>";
		};
		9885CE4821C67EF500900C9F /* Responses */ = {
			isa = PBXGroup;
			children = (
				9885CE4921C67EFF00900C9F /* ListCinemasResponse.swift */,
				9885CE4F21C6824E00900C9F /* FilmAttributesResponse.swift */,
				9885CE5121C6829400900C9F /* PerformanceAttributesResponse.swift */,
				9885CE5321C682D700900C9F /* ListFilmsResponse.swift */,
				9885CE5D21C68A7900900C9F /* DataWrapperGenericResponse.swift */,
				98E8839D21CEC3F40001C019 /* ResultsWrapperGenericResponse.swift */,
			);
			path = Responses;
			sourceTree = "<group>";
		};
		9885CE4B21C67FA900900C9F /* Modules */ = {
			isa = PBXGroup;
			children = (
				9885CE4C21C67FB100900C9F /* Storage */,
			);
			path = Modules;
			sourceTree = "<group>";
		};
		9885CE4C21C67FB100900C9F /* Storage */ = {
			isa = PBXGroup;
			children = (
				9885CE4D21C67FCA00900C9F /* DictionaryStorage.swift */,
			);
			path = Storage;
			sourceTree = "<group>";
		};
		9885CE6321C6D4F500900C9F /* Profile */ = {
			isa = PBXGroup;
			children = (
				98E8837921CDAD880001C019 /* Navigation */,
				98E8837021CDA5AD0001C019 /* Models */,
				98E8836921CDA5030001C019 /* View Controllers */,
				9885CE6421C6D51100900C9F /* Views */,
				98E8837721CDA8810001C019 /* Profile.storyboard */,
			);
			path = Profile;
			sourceTree = "<group>";
		};
		9885CE6421C6D51100900C9F /* Views */ = {
			isa = PBXGroup;
			children = (
				98E883AE21CFB7480001C019 /* Social */,
				98E883A921CFB43B0001C019 /* Copyright */,
				98E8838621CE64A60001C019 /* Stretchy Header */,
				98E8836421CDA2E60001C019 /* Gallery Cell */,
				98E8835F21CDA2BD0001C019 /* Gallery Container */,
				98E8835A21CDA24D0001C019 /* Button */,
				98E8835521CDA1C60001C019 /* Scroller Image with Title */,
				98E8835021CDA1840001C019 /* Horizontal Scroller */,
				98E8834B21CDA1000001C019 /* Title */,
				98E8834621CDA0950001C019 /* Paragraph with Title */,
				98E8834121CD9F250001C019 /* Review */,
				98E8833C21CD9D250001C019 /* Rating */,
				9885CE6521C6D52200900C9F /* Movie Information */,
			);
			path = Views;
			sourceTree = "<group>";
		};
		9885CE6521C6D52200900C9F /* Movie Information */ = {
			isa = PBXGroup;
			children = (
				9885CE6621C6D57200900C9F /* MovieInformationTableViewCell.swift */,
				9885CE6721C6D57200900C9F /* MovieInformationTableViewCell.xib */,
			);
			path = "Movie Information";
			sourceTree = "<group>";
		};
		98E8833C21CD9D250001C019 /* Rating */ = {
			isa = PBXGroup;
			children = (
				98E8833D21CD9D310001C019 /* ProfileRatingTableViewCell.swift */,
				98E8833E21CD9D310001C019 /* ProfileRatingTableViewCell.xib */,
			);
			path = Rating;
			sourceTree = "<group>";
		};
		98E8834121CD9F250001C019 /* Review */ = {
			isa = PBXGroup;
			children = (
				98E8834221CD9F340001C019 /* ProfileReviewTableViewCell.swift */,
				98E8834321CD9F340001C019 /* ProfileReviewTableViewCell.xib */,
				98E8838221CDBF700001C019 /* ProfileReviewViewModel.swift */,
			);
			path = Review;
			sourceTree = "<group>";
		};
		98E8834621CDA0950001C019 /* Paragraph with Title */ = {
			isa = PBXGroup;
			children = (
				98E8834721CDA0A50001C019 /* ProfileTextTableViewCell.swift */,
				98E8834821CDA0A50001C019 /* ProfileTextTableViewCell.xib */,
				98E883A521CF07FD0001C019 /* ProfileTextViewModel.swift */,
			);
			path = "Paragraph with Title";
			sourceTree = "<group>";
		};
		98E8834B21CDA1000001C019 /* Title */ = {
			isa = PBXGroup;
			children = (
				98E8834C21CDA10C0001C019 /* ProfileTitleTableViewCell.swift */,
				98E8834D21CDA10C0001C019 /* ProfileTitleTableViewCell.xib */,
				98E8837E21CDBD070001C019 /* ProfileTitleViewModel.swift */,
			);
			path = Title;
			sourceTree = "<group>";
		};
		98E8835021CDA1840001C019 /* Horizontal Scroller */ = {
			isa = PBXGroup;
			children = (
				98E8835121CDA19E0001C019 /* HorizontalScrollerTableViewCell.swift */,
				98E8835221CDA19E0001C019 /* HorizontalScrollerTableViewCell.xib */,
			);
			path = "Horizontal Scroller";
			sourceTree = "<group>";
		};
		98E8835521CDA1C60001C019 /* Scroller Image with Title */ = {
			isa = PBXGroup;
			children = (
				98E8835621CDA1DD0001C019 /* ScrollerImageCollectionViewCell.swift */,
				98E8835721CDA1DD0001C019 /* ScrollerImageCollectionViewCell.xib */,
				98E883A721CF0AC60001C019 /* ScrollerImageViewModel.swift */,
			);
			path = "Scroller Image with Title";
			sourceTree = "<group>";
		};
		98E8835A21CDA24D0001C019 /* Button */ = {
			isa = PBXGroup;
			children = (
				98E8835B21CDA2590001C019 /* ProfileButtonTableViewCell.swift */,
				98E8835C21CDA2590001C019 /* ProfileButtonTableViewCell.xib */,
				98E8838421CDC0350001C019 /* ProfileButtonViewModel.swift */,
			);
			path = Button;
			sourceTree = "<group>";
		};
		98E8835F21CDA2BD0001C019 /* Gallery Container */ = {
			isa = PBXGroup;
			children = (
				98E8836021CDA2D10001C019 /* ProfileGalleryContainerTableViewCell.swift */,
				98E8836121CDA2D10001C019 /* ProfileGalleryContainerTableViewCell.xib */,
			);
			path = "Gallery Container";
			sourceTree = "<group>";
		};
		98E8836421CDA2E60001C019 /* Gallery Cell */ = {
			isa = PBXGroup;
			children = (
				98E8836521CDA2F80001C019 /* GalleryImageCollectionViewCell.swift */,
				98E8836621CDA2F80001C019 /* GalleryImageCollectionViewCell.xib */,
			);
			path = "Gallery Cell";
			sourceTree = "<group>";
		};
		98E8836921CDA5030001C019 /* View Controllers */ = {
			isa = PBXGroup;
			children = (
				98E8833321CD9B360001C019 /* ProfileViewController.swift */,
			);
			path = "View Controllers";
			sourceTree = "<group>";
		};
		98E8836A21CDA50C0001C019 /* Extensions */ = {
			isa = PBXGroup;
			children = (
				98E8836B21CDA5170001C019 /* UITableView+Extensions.swift */,
				98E8838021CDBD3C0001C019 /* GlobalDefinitions.swift */,
			);
			path = Extensions;
			sourceTree = "<group>";
		};
		98E8837021CDA5AD0001C019 /* Models */ = {
			isa = PBXGroup;
			children = (
				98E8837121CDA5B70001C019 /* ProfileItemType.swift */,
				98E8837521CDA62B0001C019 /* TemporaryStructureMapper.swift */,
				98E8837C21CDBCD60001C019 /* ConfigurableCell.swift */,
			);
			path = Models;
			sourceTree = "<group>";
		};
		98E8837921CDAD880001C019 /* Navigation */ = {
			isa = PBXGroup;
			children = (
				98E8837A21CDAD980001C019 /* TransparentNavigationViewController.swift */,
			);
			path = Navigation;
			sourceTree = "<group>";
		};
		98E8838621CE64A60001C019 /* Stretchy Header */ = {
			isa = PBXGroup;
			children = (
				98E8838721CE64DE0001C019 /* ProfileStretchyHeaderView.swift */,
				98E8838921CE65050001C019 /* ProfileStretchyHeaderView.xib */,
				98E8838B21CE8D0E0001C019 /* ProfileStretchyHeaderViewModel.swift */,
			);
			path = "Stretchy Header";
			sourceTree = "<group>";
		};
		98E8838D21CEA3430001C019 /* Home */ = {
			isa = PBXGroup;
			children = (
				98E8838E21CEA34D0001C019 /* Home.storyboard */,
				98E8839021CEA3A30001C019 /* HomeViewController.swift */,
			);
			path = Home;
			sourceTree = "<group>";
		};
		98E8839221CEA49A0001C019 /* Targets */ = {
			isa = PBXGroup;
			children = (
				98E8839321CEA4AD0001C019 /* OdeonService.swift */,
				98E8839821CEBB700001C019 /* MovieDBService.swift */,
			);
			path = Targets;
			sourceTree = "<group>";
		};
		98E8839521CEA9D20001C019 /* Extensions */ = {
			isa = PBXGroup;
			children = (
				98E8839621CEA9E20001C019 /* MoyaProvider+Extensions.swift */,
			);
			path = Extensions;
			sourceTree = "<group>";
		};
		98E8839A21CEBE620001C019 /* Classes */ = {
			isa = PBXGroup;
			children = (
				98E8839B21CEBE6B0001C019 /* FilmFetcher.swift */,
			);
			path = Classes;
			sourceTree = "<group>";
		};
		98E883A121CEC5030001C019 /* ODEON */ = {
			isa = PBXGroup;
			children = (
				9885CE4621C67D8F00900C9F /* Cinema.swift */,
				9885CE5521C682FB00900C9F /* OdeonFilm.swift */,
				9885CE5721C6840600900C9F /* Offer.swift */,
				9885CE5921C684D100900C9F /* Certificate.swift */,
				9885CE5B21C689F500900C9F /* FilmDetails.swift */,
				9885CE5F21C68B7A00900C9F /* FilmTimes.swift */,
				9885CE6121C68BB200900C9F /* Performance.swift */,
			);
			path = ODEON;
			sourceTree = "<group>";
		};
		98E883A221CEC50B0001C019 /* MovieDB */ = {
			isa = PBXGroup;
			children = (
				98E8839F21CEC41A0001C019 /* FilmSearchResult.swift */,
				98E883A321CEC51B0001C019 /* MovieDetails.swift */,
			);
			path = MovieDB;
			sourceTree = "<group>";
		};
		98E883A921CFB43B0001C019 /* Copyright */ = {
			isa = PBXGroup;
			children = (
				98E883AA21CFB4510001C019 /* ProfileCopyrightTableViewCell.swift */,
				98E883AB21CFB4510001C019 /* ProfileCopyrightTableViewCell.xib */,
			);
			path = Copyright;
			sourceTree = "<group>";
		};
		98E883AE21CFB7480001C019 /* Social */ = {
			isa = PBXGroup;
			children = (
				98E883AF21CFB7550001C019 /* ProfileSocialTableViewCell.swift */,
				98E883B021CFB7550001C019 /* ProfileSocialTableViewCell.xib */,
			);
			path = Social;
			sourceTree = "<group>";
		};
		98F3707F21C6705A002D4E7C = {
			isa = PBXGroup;
			children = (
				98F3708A21C6705A002D4E7C /* Odeon */,
				98F3709F21C6705B002D4E7C /* OdeonTests */,
				98F3708921C6705A002D4E7C /* Products */,
				D5ED17D6B5A3AE310DFCBF2E /* Pods */,
				8F365268C3843C2D76328D83 /* Frameworks */,
			);
			sourceTree = "<group>";
		};
		98F3708921C6705A002D4E7C /* Products */ = {
			isa = PBXGroup;
			children = (
				98F3708821C6705A002D4E7C /* Odeon.app */,
				98F3709C21C6705B002D4E7C /* OdeonTests.xctest */,
			);
			name = Products;
			sourceTree = "<group>";
		};
		98F3708A21C6705A002D4E7C /* Odeon */ = {
			isa = PBXGroup;
			children = (
				9885CE3121C6713A00900C9F /* Modules */,
				98F3708B21C6705A002D4E7C /* AppDelegate.swift */,
				98F3708D21C6705A002D4E7C /* ViewController.swift */,
				98F3708F21C6705A002D4E7C /* Main.storyboard */,
				98F3709221C6705B002D4E7C /* Assets.xcassets */,
				98F3709421C6705B002D4E7C /* LaunchScreen.storyboard */,
				98F3709721C6705B002D4E7C /* Info.plist */,
			);
			path = Odeon;
			sourceTree = "<group>";
		};
		98F3709F21C6705B002D4E7C /* OdeonTests */ = {
			isa = PBXGroup;
			children = (
				9885CE4B21C67FA900900C9F /* Modules */,
				98F370A021C6705B002D4E7C /* OdeonTests.swift */,
				98F370A221C6705B002D4E7C /* Info.plist */,
			);
			path = OdeonTests;
			sourceTree = "<group>";
		};
		D5ED17D6B5A3AE310DFCBF2E /* Pods */ = {
			isa = PBXGroup;
			children = (
				0558931B3A6AAFE81890492E /* Pods-Odeon.debug.xcconfig */,
				4F169A725452FFE6BCA72CA5 /* Pods-Odeon.release.xcconfig */,
				8E7E3B4DBDCCC9EECA503E40 /* Pods-OdeonTests.debug.xcconfig */,
				452BF808E471A131758FA41A /* Pods-OdeonTests.release.xcconfig */,
			);
			path = Pods;
			sourceTree = "<group>";
		};
/* End PBXGroup section */

/* Begin PBXNativeTarget section */
		98F3708721C6705A002D4E7C /* Odeon */ = {
			isa = PBXNativeTarget;
			buildConfigurationList = 98F370A521C6705B002D4E7C /* Build configuration list for PBXNativeTarget "Odeon" */;
			buildPhases = (
				64EA5534B9A6865C0681FB81 /* [CP] Check Pods Manifest.lock */,
				98F3708421C6705A002D4E7C /* Sources */,
				98F3708521C6705A002D4E7C /* Frameworks */,
				98F3708621C6705A002D4E7C /* Resources */,
				B6E4AC377D976948695B7912 /* [CP] Embed Pods Frameworks */,
			);
			buildRules = (
			);
			dependencies = (
			);
			name = Odeon;
			productName = Odeon;
			productReference = 98F3708821C6705A002D4E7C /* Odeon.app */;
			productType = "com.apple.product-type.application";
		};
		98F3709B21C6705B002D4E7C /* OdeonTests */ = {
			isa = PBXNativeTarget;
			buildConfigurationList = 98F370A821C6705B002D4E7C /* Build configuration list for PBXNativeTarget "OdeonTests" */;
			buildPhases = (
				1C734867C4DD95B8D47DE6C2 /* [CP] Check Pods Manifest.lock */,
				98F3709821C6705B002D4E7C /* Sources */,
				98F3709921C6705B002D4E7C /* Frameworks */,
				98F3709A21C6705B002D4E7C /* Resources */,
			);
			buildRules = (
			);
			dependencies = (
				98F3709E21C6705B002D4E7C /* PBXTargetDependency */,
			);
			name = OdeonTests;
			productName = OdeonTests;
			productReference = 98F3709C21C6705B002D4E7C /* OdeonTests.xctest */;
			productType = "com.apple.product-type.bundle.unit-test";
		};
/* End PBXNativeTarget section */

/* Begin PBXProject section */
		98F3708021C6705A002D4E7C /* Project object */ = {
			isa = PBXProject;
			attributes = {
				LastSwiftUpdateCheck = 1010;
				LastUpgradeCheck = 1010;
				ORGANIZATIONNAME = Sherlouk;
				TargetAttributes = {
					98F3708721C6705A002D4E7C = {
						CreatedOnToolsVersion = 10.1;
					};
					98F3709B21C6705B002D4E7C = {
						CreatedOnToolsVersion = 10.1;
						TestTargetID = 98F3708721C6705A002D4E7C;
					};
				};
			};
			buildConfigurationList = 98F3708321C6705A002D4E7C /* Build configuration list for PBXProject "Odeon" */;
			compatibilityVersion = "Xcode 10.0";
			developmentRegion = en;
			hasScannedForEncodings = 0;
			knownRegions = (
				en,
				Base,
			);
			mainGroup = 98F3707F21C6705A002D4E7C;
			productRefGroup = 98F3708921C6705A002D4E7C /* Products */;
			projectDirPath = "";
			projectRoot = "";
			targets = (
				98F3708721C6705A002D4E7C /* Odeon */,
				98F3709B21C6705B002D4E7C /* OdeonTests */,
			);
		};
/* End PBXProject section */

/* Begin PBXResourcesBuildPhase section */
		98F3708621C6705A002D4E7C /* Resources */ = {
			isa = PBXResourcesBuildPhase;
			buildActionMask = 2147483647;
			files = (
				98E8834A21CDA0A50001C019 /* ProfileTextTableViewCell.xib in Resources */,
				98E8836821CDA2F80001C019 /* GalleryImageCollectionViewCell.xib in Resources */,
				98E8834021CD9D310001C019 /* ProfileRatingTableViewCell.xib in Resources */,
				9885CE6921C6D57200900C9F /* MovieInformationTableViewCell.xib in Resources */,
				98E8838F21CEA34D0001C019 /* Home.storyboard in Resources */,
				98F3709621C6705B002D4E7C /* LaunchScreen.storyboard in Resources */,
				98E883B221CFB7550001C019 /* ProfileSocialTableViewCell.xib in Resources */,
				98E8836321CDA2D10001C019 /* ProfileGalleryContainerTableViewCell.xib in Resources */,
				98E8838A21CE65050001C019 /* ProfileStretchyHeaderView.xib in Resources */,
				98E8834F21CDA10C0001C019 /* ProfileTitleTableViewCell.xib in Resources */,
				98E883AD21CFB4510001C019 /* ProfileCopyrightTableViewCell.xib in Resources */,
				98E8835921CDA1DD0001C019 /* ScrollerImageCollectionViewCell.xib in Resources */,
				98F3709321C6705B002D4E7C /* Assets.xcassets in Resources */,
				98E8835421CDA19E0001C019 /* HorizontalScrollerTableViewCell.xib in Resources */,
				98E8837821CDA8810001C019 /* Profile.storyboard in Resources */,
				98F3709121C6705A002D4E7C /* Main.storyboard in Resources */,
				9885CE3421C6719B00900C9F /* Onboarding.storyboard in Resources */,
				98E8834521CD9F340001C019 /* ProfileReviewTableViewCell.xib in Resources */,
				98E8835E21CDA2590001C019 /* ProfileButtonTableViewCell.xib in Resources */,
			);
			runOnlyForDeploymentPostprocessing = 0;
		};
		98F3709A21C6705B002D4E7C /* Resources */ = {
			isa = PBXResourcesBuildPhase;
			buildActionMask = 2147483647;
			files = (
			);
			runOnlyForDeploymentPostprocessing = 0;
		};
/* End PBXResourcesBuildPhase section */

/* Begin PBXShellScriptBuildPhase section */
		1C734867C4DD95B8D47DE6C2 /* [CP] Check Pods Manifest.lock */ = {
			isa = PBXShellScriptBuildPhase;
			buildActionMask = 2147483647;
			files = (
			);
			inputFileListPaths = (
			);
			inputPaths = (
				"${PODS_PODFILE_DIR_PATH}/Podfile.lock",
				"${PODS_ROOT}/Manifest.lock",
			);
			name = "[CP] Check Pods Manifest.lock";
			outputFileListPaths = (
			);
			outputPaths = (
				"$(DERIVED_FILE_DIR)/Pods-OdeonTests-checkManifestLockResult.txt",
			);
			runOnlyForDeploymentPostprocessing = 0;
			shellPath = /bin/sh;
			shellScript = "diff \"${PODS_PODFILE_DIR_PATH}/Podfile.lock\" \"${PODS_ROOT}/Manifest.lock\" > /dev/null\nif [ $? != 0 ] ; then\n    # print error to STDERR\n    echo \"error: The sandbox is not in sync with the Podfile.lock. Run 'pod install' or update your CocoaPods installation.\" >&2\n    exit 1\nfi\n# This output is used by Xcode 'outputs' to avoid re-running this script phase.\necho \"SUCCESS\" > \"${SCRIPT_OUTPUT_FILE_0}\"\n";
			showEnvVarsInLog = 0;
		};
		64EA5534B9A6865C0681FB81 /* [CP] Check Pods Manifest.lock */ = {
			isa = PBXShellScriptBuildPhase;
			buildActionMask = 2147483647;
			files = (
			);
			inputFileListPaths = (
			);
			inputPaths = (
				"${PODS_PODFILE_DIR_PATH}/Podfile.lock",
				"${PODS_ROOT}/Manifest.lock",
			);
			name = "[CP] Check Pods Manifest.lock";
			outputFileListPaths = (
			);
			outputPaths = (
				"$(DERIVED_FILE_DIR)/Pods-Odeon-checkManifestLockResult.txt",
			);
			runOnlyForDeploymentPostprocessing = 0;
			shellPath = /bin/sh;
			shellScript = "diff \"${PODS_PODFILE_DIR_PATH}/Podfile.lock\" \"${PODS_ROOT}/Manifest.lock\" > /dev/null\nif [ $? != 0 ] ; then\n    # print error to STDERR\n    echo \"error: The sandbox is not in sync with the Podfile.lock. Run 'pod install' or update your CocoaPods installation.\" >&2\n    exit 1\nfi\n# This output is used by Xcode 'outputs' to avoid re-running this script phase.\necho \"SUCCESS\" > \"${SCRIPT_OUTPUT_FILE_0}\"\n";
			showEnvVarsInLog = 0;
		};
		B6E4AC377D976948695B7912 /* [CP] Embed Pods Frameworks */ = {
			isa = PBXShellScriptBuildPhase;
			buildActionMask = 2147483647;
			files = (
			);
			inputFileListPaths = (
			);
			inputPaths = (
				"${PODS_ROOT}/Target Support Files/Pods-Odeon/Pods-Odeon-frameworks.sh",
				"${BUILT_PRODUCTS_DIR}/Alamofire/Alamofire.framework",
				"${BUILT_PRODUCTS_DIR}/GSKStretchyHeaderView/GSKStretchyHeaderView.framework",
				"${BUILT_PRODUCTS_DIR}/Kingfisher/Kingfisher.framework",
				"${BUILT_PRODUCTS_DIR}/Moya/Moya.framework",
				"${BUILT_PRODUCTS_DIR}/Result/Result.framework",
			);
			name = "[CP] Embed Pods Frameworks";
			outputFileListPaths = (
			);
			outputPaths = (
				"${TARGET_BUILD_DIR}/${FRAMEWORKS_FOLDER_PATH}/Alamofire.framework",
				"${TARGET_BUILD_DIR}/${FRAMEWORKS_FOLDER_PATH}/GSKStretchyHeaderView.framework",
				"${TARGET_BUILD_DIR}/${FRAMEWORKS_FOLDER_PATH}/Kingfisher.framework",
				"${TARGET_BUILD_DIR}/${FRAMEWORKS_FOLDER_PATH}/Moya.framework",
				"${TARGET_BUILD_DIR}/${FRAMEWORKS_FOLDER_PATH}/Result.framework",
			);
			runOnlyForDeploymentPostprocessing = 0;
			shellPath = /bin/sh;
			shellScript = "\"${PODS_ROOT}/Target Support Files/Pods-Odeon/Pods-Odeon-frameworks.sh\"\n";
			showEnvVarsInLog = 0;
		};
/* End PBXShellScriptBuildPhase section */

/* Begin PBXSourcesBuildPhase section */
		98F3708421C6705A002D4E7C /* Sources */ = {
			isa = PBXSourcesBuildPhase;
			buildActionMask = 2147483647;
			files = (
				98E8833F21CD9D310001C019 /* ProfileRatingTableViewCell.swift in Sources */,
				9885CE3A21C6785A00900C9F /* OnboardingCountryChooserViewController.swift in Sources */,
				9885CE4221C67A6500900C9F /* Storage.swift in Sources */,
				98E883A421CEC51B0001C019 /* MovieDetails.swift in Sources */,
				9885CE6021C68B7A00900C9F /* FilmTimes.swift in Sources */,
				98F3708E21C6705A002D4E7C /* ViewController.swift in Sources */,
				9885CE6821C6D57200900C9F /* MovieInformationTableViewCell.swift in Sources */,
				9885CE4721C67D8F00900C9F /* Cinema.swift in Sources */,
				98E883A821CF0AC60001C019 /* ScrollerImageViewModel.swift in Sources */,
				98E8833421CD9B360001C019 /* ProfileViewController.swift in Sources */,
				98E8837221CDA5B70001C019 /* ProfileItemType.swift in Sources */,
				98E8836221CDA2D10001C019 /* ProfileGalleryContainerTableViewCell.swift in Sources */,
				98E883A621CF07FD0001C019 /* ProfileTextViewModel.swift in Sources */,
				98E8836721CDA2F80001C019 /* GalleryImageCollectionViewCell.swift in Sources */,
				9885CE3C21C6786400900C9F /* OnboardingLocationServicesViewController.swift in Sources */,
				98E883AC21CFB4510001C019 /* ProfileCopyrightTableViewCell.swift in Sources */,
				98E8837D21CDBCD60001C019 /* ConfigurableCell.swift in Sources */,
				98E8834E21CDA10C0001C019 /* ProfileTitleTableViewCell.swift in Sources */,
				98E8838321CDBF700001C019 /* ProfileReviewViewModel.swift in Sources */,
				98E8837B21CDAD980001C019 /* TransparentNavigationViewController.swift in Sources */,
				98E8839921CEBB700001C019 /* MovieDBService.swift in Sources */,
				98E8839421CEA4AD0001C019 /* OdeonService.swift in Sources */,
				98E8837621CDA62B0001C019 /* TemporaryStructureMapper.swift in Sources */,
				9885CE6221C68BB200900C9F /* Performance.swift in Sources */,
				9885CE3721C6784800900C9F /* OnboardingViewController.swift in Sources */,
				98E8839121CEA3A30001C019 /* HomeViewController.swift in Sources */,
				9885CE5221C6829400900C9F /* PerformanceAttributesResponse.swift in Sources */,
				9885CE3E21C6786C00900C9F /* OnboardingLoadingViewController.swift in Sources */,
				98E883B121CFB7550001C019 /* ProfileSocialTableViewCell.swift in Sources */,
				98F3708C21C6705A002D4E7C /* AppDelegate.swift in Sources */,
				98E8835321CDA19E0001C019 /* HorizontalScrollerTableViewCell.swift in Sources */,
				98E8836C21CDA5170001C019 /* UITableView+Extensions.swift in Sources */,
				98E8835D21CDA2590001C019 /* ProfileButtonTableViewCell.swift in Sources */,
				98E8838821CE64DE0001C019 /* ProfileStretchyHeaderView.swift in Sources */,
				9885CE5821C6840600900C9F /* Offer.swift in Sources */,
				9885CE4421C67B6B00900C9F /* OdeonStorage.swift in Sources */,
				98E8834921CDA0A50001C019 /* ProfileTextTableViewCell.swift in Sources */,
				98E8835821CDA1DD0001C019 /* ScrollerImageCollectionViewCell.swift in Sources */,
				98E8838121CDBD3C0001C019 /* GlobalDefinitions.swift in Sources */,
				98E8838C21CE8D0E0001C019 /* ProfileStretchyHeaderViewModel.swift in Sources */,
				9885CE4A21C67EFF00900C9F /* ListCinemasResponse.swift in Sources */,
				98E883A021CEC41A0001C019 /* FilmSearchResult.swift in Sources */,
				98E8834421CD9F340001C019 /* ProfileReviewTableViewCell.swift in Sources */,
				98E8839E21CEC3F40001C019 /* ResultsWrapperGenericResponse.swift in Sources */,
				98E8839C21CEBE6B0001C019 /* FilmFetcher.swift in Sources */,
				9885CE5021C6824E00900C9F /* FilmAttributesResponse.swift in Sources */,
				9885CE5421C682D700900C9F /* ListFilmsResponse.swift in Sources */,
				9885CE5C21C689F500900C9F /* FilmDetails.swift in Sources */,
				9885CE5621C682FB00900C9F /* OdeonFilm.swift in Sources */,
				98E8837F21CDBD070001C019 /* ProfileTitleViewModel.swift in Sources */,
				9885CE5E21C68A7900900C9F /* DataWrapperGenericResponse.swift in Sources */,
				98E8839721CEA9E20001C019 /* MoyaProvider+Extensions.swift in Sources */,
				9885CE5A21C684D100900C9F /* Certificate.swift in Sources */,
				98E8838521CDC0350001C019 /* ProfileButtonViewModel.swift in Sources */,
			);
			runOnlyForDeploymentPostprocessing = 0;
		};
		98F3709821C6705B002D4E7C /* Sources */ = {
			isa = PBXSourcesBuildPhase;
			buildActionMask = 2147483647;
			files = (
				98F370A121C6705B002D4E7C /* OdeonTests.swift in Sources */,
				9885CE4E21C67FCA00900C9F /* DictionaryStorage.swift in Sources */,
			);
			runOnlyForDeploymentPostprocessing = 0;
		};
/* End PBXSourcesBuildPhase section */

/* Begin PBXTargetDependency section */
		98F3709E21C6705B002D4E7C /* PBXTargetDependency */ = {
			isa = PBXTargetDependency;
			target = 98F3708721C6705A002D4E7C /* Odeon */;
			targetProxy = 98F3709D21C6705B002D4E7C /* PBXContainerItemProxy */;
		};
/* End PBXTargetDependency section */

/* Begin PBXVariantGroup section */
		98F3708F21C6705A002D4E7C /* Main.storyboard */ = {
			isa = PBXVariantGroup;
			children = (
				98F3709021C6705A002D4E7C /* Base */,
			);
			name = Main.storyboard;
			sourceTree = "<group>";
		};
		98F3709421C6705B002D4E7C /* LaunchScreen.storyboard */ = {
			isa = PBXVariantGroup;
			children = (
				98F3709521C6705B002D4E7C /* Base */,
			);
			name = LaunchScreen.storyboard;
			sourceTree = "<group>";
		};
/* End PBXVariantGroup section */

/* Begin XCBuildConfiguration section */
		98F370A321C6705B002D4E7C /* Debug */ = {
			isa = XCBuildConfiguration;
			buildSettings = {
				ALWAYS_SEARCH_USER_PATHS = NO;
				CLANG_ANALYZER_NONNULL = YES;
				CLANG_ANALYZER_NUMBER_OBJECT_CONVERSION = YES_AGGRESSIVE;
				CLANG_CXX_LANGUAGE_STANDARD = "gnu++14";
				CLANG_CXX_LIBRARY = "libc++";
				CLANG_ENABLE_MODULES = YES;
				CLANG_ENABLE_OBJC_ARC = YES;
				CLANG_ENABLE_OBJC_WEAK = YES;
				CLANG_WARN_BLOCK_CAPTURE_AUTORELEASING = YES;
				CLANG_WARN_BOOL_CONVERSION = YES;
				CLANG_WARN_COMMA = YES;
				CLANG_WARN_CONSTANT_CONVERSION = YES;
				CLANG_WARN_DEPRECATED_OBJC_IMPLEMENTATIONS = YES;
				CLANG_WARN_DIRECT_OBJC_ISA_USAGE = YES_ERROR;
				CLANG_WARN_DOCUMENTATION_COMMENTS = YES;
				CLANG_WARN_EMPTY_BODY = YES;
				CLANG_WARN_ENUM_CONVERSION = YES;
				CLANG_WARN_INFINITE_RECURSION = YES;
				CLANG_WARN_INT_CONVERSION = YES;
				CLANG_WARN_NON_LITERAL_NULL_CONVERSION = YES;
				CLANG_WARN_OBJC_IMPLICIT_RETAIN_SELF = YES;
				CLANG_WARN_OBJC_LITERAL_CONVERSION = YES;
				CLANG_WARN_OBJC_ROOT_CLASS = YES_ERROR;
				CLANG_WARN_RANGE_LOOP_ANALYSIS = YES;
				CLANG_WARN_STRICT_PROTOTYPES = YES;
				CLANG_WARN_SUSPICIOUS_MOVE = YES;
				CLANG_WARN_UNGUARDED_AVAILABILITY = YES_AGGRESSIVE;
				CLANG_WARN_UNREACHABLE_CODE = YES;
				CLANG_WARN__DUPLICATE_METHOD_MATCH = YES;
				CODE_SIGN_IDENTITY = "iPhone Developer";
				COPY_PHASE_STRIP = NO;
				DEBUG_INFORMATION_FORMAT = dwarf;
				ENABLE_STRICT_OBJC_MSGSEND = YES;
				ENABLE_TESTABILITY = YES;
				GCC_C_LANGUAGE_STANDARD = gnu11;
				GCC_DYNAMIC_NO_PIC = NO;
				GCC_NO_COMMON_BLOCKS = YES;
				GCC_OPTIMIZATION_LEVEL = 0;
				GCC_PREPROCESSOR_DEFINITIONS = (
					"DEBUG=1",
					"$(inherited)",
				);
				GCC_WARN_64_TO_32_BIT_CONVERSION = YES;
				GCC_WARN_ABOUT_RETURN_TYPE = YES_ERROR;
				GCC_WARN_UNDECLARED_SELECTOR = YES;
				GCC_WARN_UNINITIALIZED_AUTOS = YES_AGGRESSIVE;
				GCC_WARN_UNUSED_FUNCTION = YES;
				GCC_WARN_UNUSED_VARIABLE = YES;
				IPHONEOS_DEPLOYMENT_TARGET = 12.1;
				MTL_ENABLE_DEBUG_INFO = INCLUDE_SOURCE;
				MTL_FAST_MATH = YES;
				ONLY_ACTIVE_ARCH = YES;
				SDKROOT = iphoneos;
				SWIFT_ACTIVE_COMPILATION_CONDITIONS = DEBUG;
				SWIFT_OPTIMIZATION_LEVEL = "-Onone";
			};
			name = Debug;
		};
		98F370A421C6705B002D4E7C /* Release */ = {
			isa = XCBuildConfiguration;
			buildSettings = {
				ALWAYS_SEARCH_USER_PATHS = NO;
				CLANG_ANALYZER_NONNULL = YES;
				CLANG_ANALYZER_NUMBER_OBJECT_CONVERSION = YES_AGGRESSIVE;
				CLANG_CXX_LANGUAGE_STANDARD = "gnu++14";
				CLANG_CXX_LIBRARY = "libc++";
				CLANG_ENABLE_MODULES = YES;
				CLANG_ENABLE_OBJC_ARC = YES;
				CLANG_ENABLE_OBJC_WEAK = YES;
				CLANG_WARN_BLOCK_CAPTURE_AUTORELEASING = YES;
				CLANG_WARN_BOOL_CONVERSION = YES;
				CLANG_WARN_COMMA = YES;
				CLANG_WARN_CONSTANT_CONVERSION = YES;
				CLANG_WARN_DEPRECATED_OBJC_IMPLEMENTATIONS = YES;
				CLANG_WARN_DIRECT_OBJC_ISA_USAGE = YES_ERROR;
				CLANG_WARN_DOCUMENTATION_COMMENTS = YES;
				CLANG_WARN_EMPTY_BODY = YES;
				CLANG_WARN_ENUM_CONVERSION = YES;
				CLANG_WARN_INFINITE_RECURSION = YES;
				CLANG_WARN_INT_CONVERSION = YES;
				CLANG_WARN_NON_LITERAL_NULL_CONVERSION = YES;
				CLANG_WARN_OBJC_IMPLICIT_RETAIN_SELF = YES;
				CLANG_WARN_OBJC_LITERAL_CONVERSION = YES;
				CLANG_WARN_OBJC_ROOT_CLASS = YES_ERROR;
				CLANG_WARN_RANGE_LOOP_ANALYSIS = YES;
				CLANG_WARN_STRICT_PROTOTYPES = YES;
				CLANG_WARN_SUSPICIOUS_MOVE = YES;
				CLANG_WARN_UNGUARDED_AVAILABILITY = YES_AGGRESSIVE;
				CLANG_WARN_UNREACHABLE_CODE = YES;
				CLANG_WARN__DUPLICATE_METHOD_MATCH = YES;
				CODE_SIGN_IDENTITY = "iPhone Developer";
				COPY_PHASE_STRIP = NO;
				DEBUG_INFORMATION_FORMAT = "dwarf-with-dsym";
				ENABLE_NS_ASSERTIONS = NO;
				ENABLE_STRICT_OBJC_MSGSEND = YES;
				GCC_C_LANGUAGE_STANDARD = gnu11;
				GCC_NO_COMMON_BLOCKS = YES;
				GCC_WARN_64_TO_32_BIT_CONVERSION = YES;
				GCC_WARN_ABOUT_RETURN_TYPE = YES_ERROR;
				GCC_WARN_UNDECLARED_SELECTOR = YES;
				GCC_WARN_UNINITIALIZED_AUTOS = YES_AGGRESSIVE;
				GCC_WARN_UNUSED_FUNCTION = YES;
				GCC_WARN_UNUSED_VARIABLE = YES;
				IPHONEOS_DEPLOYMENT_TARGET = 12.1;
				MTL_ENABLE_DEBUG_INFO = NO;
				MTL_FAST_MATH = YES;
				SDKROOT = iphoneos;
				SWIFT_COMPILATION_MODE = wholemodule;
				SWIFT_OPTIMIZATION_LEVEL = "-O";
				VALIDATE_PRODUCT = YES;
			};
			name = Release;
		};
		98F370A621C6705B002D4E7C /* Debug */ = {
			isa = XCBuildConfiguration;
			baseConfigurationReference = 0558931B3A6AAFE81890492E /* Pods-Odeon.debug.xcconfig */;
			buildSettings = {
				ASSETCATALOG_COMPILER_APPICON_NAME = AppIcon;
				CODE_SIGN_STYLE = Automatic;
				DEVELOPMENT_TEAM = Y7J92F92X4;
				INFOPLIST_FILE = Odeon/Info.plist;
				IPHONEOS_DEPLOYMENT_TARGET = 11.0;
				LD_RUNPATH_SEARCH_PATHS = (
					"$(inherited)",
					"@executable_path/Frameworks",
				);
				PRODUCT_BUNDLE_IDENTIFIER = uk.sherlo.odeon;
				PRODUCT_NAME = "$(TARGET_NAME)";
				SWIFT_VERSION = 4.2;
				TARGETED_DEVICE_FAMILY = 1;
			};
			name = Debug;
		};
		98F370A721C6705B002D4E7C /* Release */ = {
			isa = XCBuildConfiguration;
			baseConfigurationReference = 4F169A725452FFE6BCA72CA5 /* Pods-Odeon.release.xcconfig */;
			buildSettings = {
				ASSETCATALOG_COMPILER_APPICON_NAME = AppIcon;
				CODE_SIGN_STYLE = Automatic;
				DEVELOPMENT_TEAM = Y7J92F92X4;
				INFOPLIST_FILE = Odeon/Info.plist;
				IPHONEOS_DEPLOYMENT_TARGET = 11.0;
				LD_RUNPATH_SEARCH_PATHS = (
					"$(inherited)",
					"@executable_path/Frameworks",
				);
				PRODUCT_BUNDLE_IDENTIFIER = uk.sherlo.odeon;
				PRODUCT_NAME = "$(TARGET_NAME)";
				SWIFT_VERSION = 4.2;
				TARGETED_DEVICE_FAMILY = 1;
			};
			name = Release;
		};
		98F370A921C6705B002D4E7C /* Debug */ = {
			isa = XCBuildConfiguration;
			baseConfigurationReference = 8E7E3B4DBDCCC9EECA503E40 /* Pods-OdeonTests.debug.xcconfig */;
			buildSettings = {
				ALWAYS_EMBED_SWIFT_STANDARD_LIBRARIES = YES;
				BUNDLE_LOADER = "$(TEST_HOST)";
				CODE_SIGN_STYLE = Automatic;
				INFOPLIST_FILE = OdeonTests/Info.plist;
				LD_RUNPATH_SEARCH_PATHS = (
					"$(inherited)",
					"@executable_path/Frameworks",
					"@loader_path/Frameworks",
				);
				PRODUCT_BUNDLE_IDENTIFIER = uk.sherlo.OdeonTests;
				PRODUCT_NAME = "$(TARGET_NAME)";
				SWIFT_VERSION = 4.2;
				TARGETED_DEVICE_FAMILY = "1,2";
				TEST_HOST = "$(BUILT_PRODUCTS_DIR)/Odeon.app/Odeon";
			};
			name = Debug;
		};
		98F370AA21C6705B002D4E7C /* Release */ = {
			isa = XCBuildConfiguration;
			baseConfigurationReference = 452BF808E471A131758FA41A /* Pods-OdeonTests.release.xcconfig */;
			buildSettings = {
				ALWAYS_EMBED_SWIFT_STANDARD_LIBRARIES = YES;
				BUNDLE_LOADER = "$(TEST_HOST)";
				CODE_SIGN_STYLE = Automatic;
				INFOPLIST_FILE = OdeonTests/Info.plist;
				LD_RUNPATH_SEARCH_PATHS = (
					"$(inherited)",
					"@executable_path/Frameworks",
					"@loader_path/Frameworks",
				);
				PRODUCT_BUNDLE_IDENTIFIER = uk.sherlo.OdeonTests;
				PRODUCT_NAME = "$(TARGET_NAME)";
				SWIFT_VERSION = 4.2;
				TARGETED_DEVICE_FAMILY = "1,2";
				TEST_HOST = "$(BUILT_PRODUCTS_DIR)/Odeon.app/Odeon";
			};
			name = Release;
		};
/* End XCBuildConfiguration section */

/* Begin XCConfigurationList section */
		98F3708321C6705A002D4E7C /* Build configuration list for PBXProject "Odeon" */ = {
			isa = XCConfigurationList;
			buildConfigurations = (
				98F370A321C6705B002D4E7C /* Debug */,
				98F370A421C6705B002D4E7C /* Release */,
			);
			defaultConfigurationIsVisible = 0;
			defaultConfigurationName = Release;
		};
		98F370A521C6705B002D4E7C /* Build configuration list for PBXNativeTarget "Odeon" */ = {
			isa = XCConfigurationList;
			buildConfigurations = (
				98F370A621C6705B002D4E7C /* Debug */,
				98F370A721C6705B002D4E7C /* Release */,
			);
			defaultConfigurationIsVisible = 0;
			defaultConfigurationName = Release;
		};
		98F370A821C6705B002D4E7C /* Build configuration list for PBXNativeTarget "OdeonTests" */ = {
			isa = XCConfigurationList;
			buildConfigurations = (
				98F370A921C6705B002D4E7C /* Debug */,
				98F370AA21C6705B002D4E7C /* Release */,
			);
			defaultConfigurationIsVisible = 0;
			defaultConfigurationName = Release;
		};
/* End XCConfigurationList section */
	};
	rootObject = 98F3708021C6705A002D4E7C /* Project object */;
}
